version = 1
revision = 1
requires-python = ">=3.12"

[[package]]
name = "betterproto"
version = "2.0.0b7"
source = { registry = "https://pypi.org/simple" }
dependencies = [
    { name = "grpclib" },
    { name = "python-dateutil" },
    { name = "typing-extensions" },
]
sdist = { url = "https://files.pythonhosted.org/packages/4e/94/930a1368fbed92adc897a9a1fae282e3f9d608547dbf805034ca549f381a/betterproto-2.0.0b7.tar.gz", hash = "sha256:1b1458ca5278d519bcd62556a4c236f998a91d503f0f71c67b0b954747052af2", size = 101447 }
wheels = [
    { url = "https://files.pythonhosted.org/packages/a7/9a/5db824c378f6f88b5c6366429f2f5169a10315e9e3d5ab754c4a8d1202aa/betterproto-2.0.0b7-py3-none-any.whl", hash = "sha256:401ab8055e2f814e77b9c88a74d0e1ae3d1e8a969cced6aeb1b59f71ad63fbd2", size = 105386 },
]

[package.optional-dependencies]
compiler = [
    { name = "black" },
    { name = "isort" },
    { name = "jinja2" },
]

[[package]]
name = "black"
version = "23.7.0"
source = { registry = "https://pypi.org/simple" }
dependencies = [
    { name = "click" },
    { name = "mypy-extensions" },
    { name = "packaging" },
    { name = "pathspec" },
    { name = "platformdirs" },
]
sdist = { url = "https://files.pythonhosted.org/packages/e9/20/29d7a6614606785923edf9e8ec3ff630231992cc2fabc02eacb0d475372e/black-23.7.0.tar.gz", hash = "sha256:022a582720b0d9480ed82576c920a8c1dde97cc38ff11d8d8859b3bd6ca9eedb", size = 586177 }
wheels = [
    { url = "https://files.pythonhosted.org/packages/32/df/1d4ca6b76b0a077599b133b9c9dceea0b465938170043d886d4821809d40/black-23.7.0-py3-none-any.whl", hash = "sha256:9fd59d418c60c0348505f2ddf9609c1e1de8e7493eab96198fc89d9f865e7a96", size = 181130 },
]

[[package]]
name = "click"
version = "8.2.1"
source = { registry = "https://pypi.org/simple" }
dependencies = [
    { name = "colorama", marker = "sys_platform == 'win32'" },
]
sdist = { url = "https://files.pythonhosted.org/packages/60/6c/8ca2efa64cf75a977a0d7fac081354553ebe483345c734fb6b6515d96bbc/click-8.2.1.tar.gz", hash = "sha256:27c491cc05d968d271d5a1db13e3b5a184636d9d930f148c50b038f0d0646202", size = 286342 }
wheels = [
    { url = "https://files.pythonhosted.org/packages/85/32/10bb5764d90a8eee674e9dc6f4db6a0ab47c8c4d0d83c27f7c39ac415a4d/click-8.2.1-py3-none-any.whl", hash = "sha256:61a3265b914e850b85317d0b3109c7f8cd35a670f963866005d6ef1d5175a12b", size = 102215 },
]

[[package]]
name = "colorama"
version = "0.4.6"
source = { registry = "https://pypi.org/simple" }
sdist = { url = "https://files.pythonhosted.org/packages/d8/53/6f443c9a4a8358a93a6792e2acffb9d9d5cb0a5cfd8802644b7b1c9a02e4/colorama-0.4.6.tar.gz", hash = "sha256:08695f5cb7ed6e0531a20572697297273c47b8cae5a63ffc6d6ed5c201be6e44", size = 27697 }
wheels = [
    { url = "https://files.pythonhosted.org/packages/d1/d6/3965ed04c63042e047cb6a3e6ed1a63a35087b6a609aa3a15ed8ac56c221/colorama-0.4.6-py2.py3-none-any.whl", hash = "sha256:4f1d9991f5acc0ca119f9d443620b77f9d6b33703e51011c16baf57afb285fc6", size = 25335 },
]

[[package]]
name = "fakegrpc"
version = "0.1.3"
source = { editable = "." }
dependencies = [
    { name = "betterproto", extra = ["compiler"] },
    { name = "grpclib" },
    { name = "python-dotenv" },
]

[package.dev-dependencies]
dev = [
    { name = "black" },
    { name = "pytest" },
    { name = "pytest-asyncio" },
]

[package.metadata]
requires-dist = [
    { name = "betterproto", extras = ["compiler"], specifier = "==2.0.0b7" },
    { name = "grpclib", specifier = "==0.4.7" },
    { name = "python-dotenv" },
]

[package.metadata.requires-dev]
dev = [
    { name = "black", specifier = "==23.7.0" },
    { name = "pytest", specifier = "==7.4.0" },
    { name = "pytest-asyncio", specifier = "==0.21.1" },
]

[[package]]
name = "grpclib"
version = "0.4.7"
source = { registry = "https://pypi.org/simple" }
dependencies = [
    { name = "h2" },
    { name = "multidict" },
]
sdist = { url = "https://files.pythonhosted.org/packages/79/b9/55936e462a5925190d7427e880b3033601d1effd13809b483d13a926061a/grpclib-0.4.7.tar.gz", hash = "sha256:2988ef57c02b22b7a2e8e961792c41ccf97efc2ace91ae7a5b0de03c363823c3", size = 61254 }

[[package]]
name = "h2"
version = "4.3.0"
source = { registry = "https://pypi.org/simple" }
dependencies = [
    { name = "hpack" },
    { name = "hyperframe" },
]
sdist = { url = "https://files.pythonhosted.org/packages/1d/17/afa56379f94ad0fe8defd37d6eb3f89a25404ffc71d4d848893d270325fc/h2-4.3.0.tar.gz", hash = "sha256:6c59efe4323fa18b47a632221a1888bd7fde6249819beda254aeca909f221bf1", size = 2152026 }
wheels = [
    { url = "https://files.pythonhosted.org/packages/69/b2/119f6e6dcbd96f9069ce9a2665e0146588dc9f88f29549711853645e736a/h2-4.3.0-py3-none-any.whl", hash = "sha256:c438f029a25f7945c69e0ccf0fb951dc3f73a5f6412981daee861431b70e2bdd", size = 61779 },
]

[[package]]
name = "hpack"
version = "4.1.0"
source = { registry = "https://pypi.org/simple" }
sdist = { url = "https://files.pythonhosted.org/packages/2c/48/71de9ed269fdae9c8057e5a4c0aa7402e8bb16f2c6e90b3aa53327b113f8/hpack-4.1.0.tar.gz", hash = "sha256:ec5eca154f7056aa06f196a557655c5b009b382873ac8d1e66e79e87535f1dca", size = 51276 }
wheels = [
    { url = "https://files.pythonhosted.org/packages/07/c6/80c95b1b2b94682a72cbdbfb85b81ae2daffa4291fbfa1b1464502ede10d/hpack-4.1.0-py3-none-any.whl", hash = "sha256:157ac792668d995c657d93111f46b4535ed114f0c9c8d672271bbec7eae1b496", size = 34357 },
]

[[package]]
name = "hyperframe"
version = "6.1.0"
source = { registry = "https://pypi.org/simple" }
sdist = { url = "https://files.pythonhosted.org/packages/02/e7/94f8232d4a74cc99514c13a9f995811485a6903d48e5d952771ef6322e30/hyperframe-6.1.0.tar.gz", hash = "sha256:f630908a00854a7adeabd6382b43923a4c4cd4b821fcb527e6ab9e15382a3b08", size = 26566 }
wheels = [
    { url = "https://files.pythonhosted.org/packages/48/30/47d0bf6072f7252e6521f3447ccfa40b421b6824517f82854703d0f5a98b/hyperframe-6.1.0-py3-none-any.whl", hash = "sha256:b03380493a519fce58ea5af42e4a42317bf9bd425596f7a0835ffce80f1a42e5", size = 13007 },
]

[[package]]
name = "iniconfig"
version = "2.1.0"
source = { registry = "https://pypi.org/simple" }
sdist = { url = "https://files.pythonhosted.org/packages/f2/97/ebf4da567aa6827c909642694d71c9fcf53e5b504f2d96afea02718862f3/iniconfig-2.1.0.tar.gz", hash = "sha256:3abbd2e30b36733fee78f9c7f7308f2d0050e88f0087fd25c2645f63c773e1c7", size = 4793 }
wheels = [
    { url = "https://files.pythonhosted.org/packages/2c/e1/e6716421ea10d38022b952c159d5161ca1193197fb744506875fbb87ea7b/iniconfig-2.1.0-py3-none-any.whl", hash = "sha256:9deba5723312380e77435581c6bf4935c94cbfab9b1ed33ef8d238ea168eb760", size = 6050 },
]

[[package]]
name = "isort"
version = "5.13.2"
source = { registry = "https://pypi.org/simple" }
sdist = { url = "https://files.pythonhosted.org/packages/87/f9/c1eb8635a24e87ade2efce21e3ce8cd6b8630bb685ddc9cdaca1349b2eb5/isort-5.13.2.tar.gz", hash = "sha256:48fdfcb9face5d58a4f6dde2e72a1fb8dcaf8ab26f95ab49fab84c2ddefb0109", size = 175303 }
wheels = [
    { url = "https://files.pythonhosted.org/packages/d1/b3/8def84f539e7d2289a02f0524b944b15d7c75dab7628bedf1c4f0992029c/isort-5.13.2-py3-none-any.whl", hash = "sha256:8ca5e72a8d85860d5a3fa69b8745237f2939afe12dbf656afbcb47fe72d947a6", size = 92310 },
]

[[package]]
name = "jinja2"
version = "3.1.6"
source = { registry = "https://pypi.org/simple" }
dependencies = [
    { name = "markupsafe" },
]
sdist = { url = "https://files.pythonhosted.org/packages/df/bf/f7da0350254c0ed7c72f3e33cef02e048281fec7ecec5f032d4aac52226b/jinja2-3.1.6.tar.gz", hash = "sha256:0137fb05990d35f1275a587e9aee6d56da821fc83491a0fb838183be43f66d6d", size = 245115 }
wheels = [
    { url = "https://files.pythonhosted.org/packages/62/a1/3d680cbfd5f4b8f15abc1d571870c5fc3e594bb582bc3b64ea099db13e56/jinja2-3.1.6-py3-none-any.whl", hash = "sha256:85ece4451f492d0c13c5dd7c13a64681a86afae63a5f347908daf103ce6d2f67", size = 134899 },
]

[[package]]
name = "markupsafe"
version = "3.0.2"
source = { registry = "https://pypi.org/simple" }
sdist = { url = "https://files.pythonhosted.org/packages/b2/97/5d42485e71dfc078108a86d6de8fa46db44a1a9295e89c5d6d4a06e23a62/markupsafe-3.0.2.tar.gz", hash = "sha256:ee55d3edf80167e48ea11a923c7386f4669df67d7994554387f84e7d8b0a2bf0", size = 20537 }
wheels = [
    { url = "https://files.pythonhosted.org/packages/22/09/d1f21434c97fc42f09d290cbb6350d44eb12f09cc62c9476effdb33a18aa/MarkupSafe-3.0.2-cp312-cp312-macosx_10_13_universal2.whl", hash = "sha256:9778bd8ab0a994ebf6f84c2b949e65736d5575320a17ae8984a77fab08db94cf", size = 14274 },
    { url = "https://files.pythonhosted.org/packages/6b/b0/18f76bba336fa5aecf79d45dcd6c806c280ec44538b3c13671d49099fdd0/MarkupSafe-3.0.2-cp312-cp312-macosx_11_0_arm64.whl", hash = "sha256:846ade7b71e3536c4e56b386c2a47adf5741d2d8b94ec9dc3e92e5e1ee1e2225", size = 12348 },
    { url = "https://files.pythonhosted.org/packages/e0/25/dd5c0f6ac1311e9b40f4af06c78efde0f3b5cbf02502f8ef9501294c425b/MarkupSafe-3.0.2-cp312-cp312-manylinux_2_17_aarch64.manylinux2014_aarch64.whl", hash = "sha256:1c99d261bd2d5f6b59325c92c73df481e05e57f19837bdca8413b9eac4bd8028", size = 24149 },
    { url = "https://files.pythonhosted.org/packages/f3/f0/89e7aadfb3749d0f52234a0c8c7867877876e0a20b60e2188e9850794c17/MarkupSafe-3.0.2-cp312-cp312-manylinux_2_17_x86_64.manylinux2014_x86_64.whl", hash = "sha256:e17c96c14e19278594aa4841ec148115f9c7615a47382ecb6b82bd8fea3ab0c8", size = 23118 },
    { url = "https://files.pythonhosted.org/packages/d5/da/f2eeb64c723f5e3777bc081da884b414671982008c47dcc1873d81f625b6/MarkupSafe-3.0.2-cp312-cp312-manylinux_2_5_i686.manylinux1_i686.manylinux_2_17_i686.manylinux2014_i686.whl", hash = "sha256:88416bd1e65dcea10bc7569faacb2c20ce071dd1f87539ca2ab364bf6231393c", size = 22993 },
    { url = "https://files.pythonhosted.org/packages/da/0e/1f32af846df486dce7c227fe0f2398dc7e2e51d4a370508281f3c1c5cddc/MarkupSafe-3.0.2-cp312-cp312-musllinux_1_2_aarch64.whl", hash = "sha256:2181e67807fc2fa785d0592dc2d6206c019b9502410671cc905d132a92866557", size = 24178 },
    { url = "https://files.pythonhosted.org/packages/c4/f6/bb3ca0532de8086cbff5f06d137064c8410d10779c4c127e0e47d17c0b71/MarkupSafe-3.0.2-cp312-cp312-musllinux_1_2_i686.whl", hash = "sha256:52305740fe773d09cffb16f8ed0427942901f00adedac82ec8b67752f58a1b22", size = 23319 },
    { url = "https://files.pythonhosted.org/packages/a2/82/8be4c96ffee03c5b4a034e60a31294daf481e12c7c43ab8e34a1453ee48b/MarkupSafe-3.0.2-cp312-cp312-musllinux_1_2_x86_64.whl", hash = "sha256:ad10d3ded218f1039f11a75f8091880239651b52e9bb592ca27de44eed242a48", size = 23352 },
    { url = "https://files.pythonhosted.org/packages/51/ae/97827349d3fcffee7e184bdf7f41cd6b88d9919c80f0263ba7acd1bbcb18/MarkupSafe-3.0.2-cp312-cp312-win32.whl", hash = "sha256:0f4ca02bea9a23221c0182836703cbf8930c5e9454bacce27e767509fa286a30", size = 15097 },
    { url = "https://files.pythonhosted.org/packages/c1/80/a61f99dc3a936413c3ee4e1eecac96c0da5ed07ad56fd975f1a9da5bc630/MarkupSafe-3.0.2-cp312-cp312-win_amd64.whl", hash = "sha256:8e06879fc22a25ca47312fbe7c8264eb0b662f6db27cb2d3bbbc74b1df4b9b87", size = 15601 },
    { url = "https://files.pythonhosted.org/packages/83/0e/67eb10a7ecc77a0c2bbe2b0235765b98d164d81600746914bebada795e97/MarkupSafe-3.0.2-cp313-cp313-macosx_10_13_universal2.whl", hash = "sha256:ba9527cdd4c926ed0760bc301f6728ef34d841f405abf9d4f959c478421e4efd", size = 14274 },
    { url = "https://files.pythonhosted.org/packages/2b/6d/9409f3684d3335375d04e5f05744dfe7e9f120062c9857df4ab490a1031a/MarkupSafe-3.0.2-cp313-cp313-macosx_11_0_arm64.whl", hash = "sha256:f8b3d067f2e40fe93e1ccdd6b2e1d16c43140e76f02fb1319a05cf2b79d99430", size = 12352 },
    { url = "https://files.pythonhosted.org/packages/d2/f5/6eadfcd3885ea85fe2a7c128315cc1bb7241e1987443d78c8fe712d03091/MarkupSafe-3.0.2-cp313-cp313-manylinux_2_17_aarch64.manylinux2014_aarch64.whl", hash = "sha256:569511d3b58c8791ab4c2e1285575265991e6d8f8700c7be0e88f86cb0672094", size = 24122 },
    { url = "https://files.pythonhosted.org/packages/0c/91/96cf928db8236f1bfab6ce15ad070dfdd02ed88261c2afafd4b43575e9e9/MarkupSafe-3.0.2-cp313-cp313-manylinux_2_17_x86_64.manylinux2014_x86_64.whl", hash = "sha256:15ab75ef81add55874e7ab7055e9c397312385bd9ced94920f2802310c930396", size = 23085 },
    { url = "https://files.pythonhosted.org/packages/c2/cf/c9d56af24d56ea04daae7ac0940232d31d5a8354f2b457c6d856b2057d69/MarkupSafe-3.0.2-cp313-cp313-manylinux_2_5_i686.manylinux1_i686.manylinux_2_17_i686.manylinux2014_i686.whl", hash = "sha256:f3818cb119498c0678015754eba762e0d61e5b52d34c8b13d770f0719f7b1d79", size = 22978 },
    { url = "https://files.pythonhosted.org/packages/2a/9f/8619835cd6a711d6272d62abb78c033bda638fdc54c4e7f4272cf1c0962b/MarkupSafe-3.0.2-cp313-cp313-musllinux_1_2_aarch64.whl", hash = "sha256:cdb82a876c47801bb54a690c5ae105a46b392ac6099881cdfb9f6e95e4014c6a", size = 24208 },
    { url = "https://files.pythonhosted.org/packages/f9/bf/176950a1792b2cd2102b8ffeb5133e1ed984547b75db47c25a67d3359f77/MarkupSafe-3.0.2-cp313-cp313-musllinux_1_2_i686.whl", hash = "sha256:cabc348d87e913db6ab4aa100f01b08f481097838bdddf7c7a84b7575b7309ca", size = 23357 },
    { url = "https://files.pythonhosted.org/packages/ce/4f/9a02c1d335caabe5c4efb90e1b6e8ee944aa245c1aaaab8e8a618987d816/MarkupSafe-3.0.2-cp313-cp313-musllinux_1_2_x86_64.whl", hash = "sha256:444dcda765c8a838eaae23112db52f1efaf750daddb2d9ca300bcae1039adc5c", size = 23344 },
    { url = "https://files.pythonhosted.org/packages/ee/55/c271b57db36f748f0e04a759ace9f8f759ccf22b4960c270c78a394f58be/MarkupSafe-3.0.2-cp313-cp313-win32.whl", hash = "sha256:bcf3e58998965654fdaff38e58584d8937aa3096ab5354d493c77d1fdd66d7a1", size = 15101 },
    { url = "https://files.pythonhosted.org/packages/29/88/07df22d2dd4df40aba9f3e402e6dc1b8ee86297dddbad4872bd5e7b0094f/MarkupSafe-3.0.2-cp313-cp313-win_amd64.whl", hash = "sha256:e6a2a455bd412959b57a172ce6328d2dd1f01cb2135efda2e4576e8a23fa3b0f", size = 15603 },
    { url = "https://files.pythonhosted.org/packages/62/6a/8b89d24db2d32d433dffcd6a8779159da109842434f1dd2f6e71f32f738c/MarkupSafe-3.0.2-cp313-cp313t-macosx_10_13_universal2.whl", hash = "sha256:b5a6b3ada725cea8a5e634536b1b01c30bcdcd7f9c6fff4151548d5bf6b3a36c", size = 14510 },
    { url = "https://files.pythonhosted.org/packages/7a/06/a10f955f70a2e5a9bf78d11a161029d278eeacbd35ef806c3fd17b13060d/MarkupSafe-3.0.2-cp313-cp313t-macosx_11_0_arm64.whl", hash = "sha256:a904af0a6162c73e3edcb969eeeb53a63ceeb5d8cf642fade7d39e7963a22ddb", size = 12486 },
    { url = "https://files.pythonhosted.org/packages/34/cf/65d4a571869a1a9078198ca28f39fba5fbb910f952f9dbc5220afff9f5e6/MarkupSafe-3.0.2-cp313-cp313t-manylinux_2_17_aarch64.manylinux2014_aarch64.whl", hash = "sha256:4aa4e5faecf353ed117801a068ebab7b7e09ffb6e1d5e412dc852e0da018126c", size = 25480 },
    { url = "https://files.pythonhosted.org/packages/0c/e3/90e9651924c430b885468b56b3d597cabf6d72be4b24a0acd1fa0e12af67/MarkupSafe-3.0.2-cp313-cp313t-manylinux_2_17_x86_64.manylinux2014_x86_64.whl", hash = "sha256:c0ef13eaeee5b615fb07c9a7dadb38eac06a0608b41570d8ade51c56539e509d", size = 23914 },
    { url = "https://files.pythonhosted.org/packages/66/8c/6c7cf61f95d63bb866db39085150df1f2a5bd3335298f14a66b48e92659c/MarkupSafe-3.0.2-cp313-cp313t-manylinux_2_5_i686.manylinux1_i686.manylinux_2_17_i686.manylinux2014_i686.whl", hash = "sha256:d16a81a06776313e817c951135cf7340a3e91e8c1ff2fac444cfd75fffa04afe", size = 23796 },
    { url = "https://files.pythonhosted.org/packages/bb/35/cbe9238ec3f47ac9a7c8b3df7a808e7cb50fe149dc7039f5f454b3fba218/MarkupSafe-3.0.2-cp313-cp313t-musllinux_1_2_aarch64.whl", hash = "sha256:6381026f158fdb7c72a168278597a5e3a5222e83ea18f543112b2662a9b699c5", size = 25473 },
    { url = "https://files.pythonhosted.org/packages/e6/32/7621a4382488aa283cc05e8984a9c219abad3bca087be9ec77e89939ded9/MarkupSafe-3.0.2-cp313-cp313t-musllinux_1_2_i686.whl", hash = "sha256:3d79d162e7be8f996986c064d1c7c817f6df3a77fe3d6859f6f9e7be4b8c213a", size = 24114 },
    { url = "https://files.pythonhosted.org/packages/0d/80/0985960e4b89922cb5a0bac0ed39c5b96cbc1a536a99f30e8c220a996ed9/MarkupSafe-3.0.2-cp313-cp313t-musllinux_1_2_x86_64.whl", hash = "sha256:131a3c7689c85f5ad20f9f6fb1b866f402c445b220c19fe4308c0b147ccd2ad9", size = 24098 },
    { url = "https://files.pythonhosted.org/packages/82/78/fedb03c7d5380df2427038ec8d973587e90561b2d90cd472ce9254cf348b/MarkupSafe-3.0.2-cp313-cp313t-win32.whl", hash = "sha256:ba8062ed2cf21c07a9e295d5b8a2a5ce678b913b45fdf68c32d95d6c1291e0b6", size = 15208 },
    { url = "https://files.pythonhosted.org/packages/4f/65/6079a46068dfceaeabb5dcad6d674f5f5c61a6fa5673746f42a9f4c233b3/MarkupSafe-3.0.2-cp313-cp313t-win_amd64.whl", hash = "sha256:e444a31f8db13eb18ada366ab3cf45fd4b31e4db1236a4448f68778c1d1a5a2f", size = 15739 },
]

[[package]]
name = "multidict"
version = "6.6.4"
source = { registry = "https://pypi.org/simple" }
sdist = { url = "https://files.pythonhosted.org/packages/69/7f/0652e6ed47ab288e3756ea9c0df8b14950781184d4bd7883f4d87dd41245/multidict-6.6.4.tar.gz", hash = "sha256:d2d4e4787672911b48350df02ed3fa3fffdc2f2e8ca06dd6afdf34189b76a9dd", size = 101843 }
wheels = [
    { url = "https://files.pythonhosted.org/packages/05/f6/512ffd8fd8b37fb2680e5ac35d788f1d71bbaf37789d21a820bdc441e565/multidict-6.6.4-cp312-cp312-macosx_10_13_universal2.whl", hash = "sha256:0ffb87be160942d56d7b87b0fdf098e81ed565add09eaa1294268c7f3caac4c8", size = 76516 },
    { url = "https://files.pythonhosted.org/packages/99/58/45c3e75deb8855c36bd66cc1658007589662ba584dbf423d01df478dd1c5/multidict-6.6.4-cp312-cp312-macosx_10_13_x86_64.whl", hash = "sha256:d191de6cbab2aff5de6c5723101705fd044b3e4c7cfd587a1929b5028b9714b3", size = 45394 },
    { url = "https://files.pythonhosted.org/packages/fd/ca/e8c4472a93a26e4507c0b8e1f0762c0d8a32de1328ef72fd704ef9cc5447/multidict-6.6.4-cp312-cp312-macosx_11_0_arm64.whl", hash = "sha256:38a0956dd92d918ad5feff3db8fcb4a5eb7dba114da917e1a88475619781b57b", size = 43591 },
    { url = "https://files.pythonhosted.org/packages/05/51/edf414f4df058574a7265034d04c935aa84a89e79ce90fcf4df211f47b16/multidict-6.6.4-cp312-cp312-manylinux1_i686.manylinux2014_i686.manylinux_2_17_i686.manylinux_2_5_i686.whl", hash = "sha256:6865f6d3b7900ae020b495d599fcf3765653bc927951c1abb959017f81ae8287", size = 237215 },
    { url = "https://files.pythonhosted.org/packages/c8/45/8b3d6dbad8cf3252553cc41abea09ad527b33ce47a5e199072620b296902/multidict-6.6.4-cp312-cp312-manylinux2014_aarch64.manylinux_2_17_aarch64.manylinux_2_28_aarch64.whl", hash = "sha256:0a2088c126b6f72db6c9212ad827d0ba088c01d951cee25e758c450da732c138", size = 258299 },
    { url = "https://files.pythonhosted.org/packages/3c/e8/8ca2e9a9f5a435fc6db40438a55730a4bf4956b554e487fa1b9ae920f825/multidict-6.6.4-cp312-cp312-manylinux2014_armv7l.manylinux_2_17_armv7l.manylinux_2_31_armv7l.whl", hash = "sha256:0f37bed7319b848097085d7d48116f545985db988e2256b2e6f00563a3416ee6", size = 242357 },
    { url = "https://files.pythonhosted.org/packages/0f/84/80c77c99df05a75c28490b2af8f7cba2a12621186e0a8b0865d8e745c104/multidict-6.6.4-cp312-cp312-manylinux2014_ppc64le.manylinux_2_17_ppc64le.manylinux_2_28_ppc64le.whl", hash = "sha256:01368e3c94032ba6ca0b78e7ccb099643466cf24f8dc8eefcfdc0571d56e58f9", size = 268369 },
    { url = "https://files.pythonhosted.org/packages/0d/e9/920bfa46c27b05fb3e1ad85121fd49f441492dca2449c5bcfe42e4565d8a/multidict-6.6.4-cp312-cp312-manylinux2014_s390x.manylinux_2_17_s390x.manylinux_2_28_s390x.whl", hash = "sha256:8fe323540c255db0bffee79ad7f048c909f2ab0edb87a597e1c17da6a54e493c", size = 269341 },
    { url = "https://files.pythonhosted.org/packages/af/65/753a2d8b05daf496f4a9c367fe844e90a1b2cac78e2be2c844200d10cc4c/multidict-6.6.4-cp312-cp312-manylinux2014_x86_64.manylinux_2_17_x86_64.manylinux_2_28_x86_64.whl", hash = "sha256:b8eb3025f17b0a4c3cd08cda49acf312a19ad6e8a4edd9dbd591e6506d999402", size = 256100 },
    { url = "https://files.pythonhosted.org/packages/09/54/655be13ae324212bf0bc15d665a4e34844f34c206f78801be42f7a0a8aaa/multidict-6.6.4-cp312-cp312-musllinux_1_2_aarch64.whl", hash = "sha256:bbc14f0365534d35a06970d6a83478b249752e922d662dc24d489af1aa0d1be7", size = 253584 },
    { url = "https://files.pythonhosted.org/packages/5c/74/ab2039ecc05264b5cec73eb018ce417af3ebb384ae9c0e9ed42cb33f8151/multidict-6.6.4-cp312-cp312-musllinux_1_2_armv7l.whl", hash = "sha256:75aa52fba2d96bf972e85451b99d8e19cc37ce26fd016f6d4aa60da9ab2b005f", size = 251018 },
    { url = "https://files.pythonhosted.org/packages/af/0a/ccbb244ac848e56c6427f2392741c06302bbfba49c0042f1eb3c5b606497/multidict-6.6.4-cp312-cp312-musllinux_1_2_i686.whl", hash = "sha256:4fefd4a815e362d4f011919d97d7b4a1e566f1dde83dc4ad8cfb5b41de1df68d", size = 251477 },
    { url = "https://files.pythonhosted.org/packages/0e/b0/0ed49bba775b135937f52fe13922bc64a7eaf0a3ead84a36e8e4e446e096/multidict-6.6.4-cp312-cp312-musllinux_1_2_ppc64le.whl", hash = "sha256:db9801fe021f59a5b375ab778973127ca0ac52429a26e2fd86aa9508f4d26eb7", size = 263575 },
    { url = "https://files.pythonhosted.org/packages/3e/d9/7fb85a85e14de2e44dfb6a24f03c41e2af8697a6df83daddb0e9b7569f73/multidict-6.6.4-cp312-cp312-musllinux_1_2_s390x.whl", hash = "sha256:a650629970fa21ac1fb06ba25dabfc5b8a2054fcbf6ae97c758aa956b8dba802", size = 259649 },
    { url = "https://files.pythonhosted.org/packages/03/9e/b3a459bcf9b6e74fa461a5222a10ff9b544cb1cd52fd482fb1b75ecda2a2/multidict-6.6.4-cp312-cp312-musllinux_1_2_x86_64.whl", hash = "sha256:452ff5da78d4720d7516a3a2abd804957532dd69296cb77319c193e3ffb87e24", size = 251505 },
    { url = "https://files.pythonhosted.org/packages/86/a2/8022f78f041dfe6d71e364001a5cf987c30edfc83c8a5fb7a3f0974cff39/multidict-6.6.4-cp312-cp312-win32.whl", hash = "sha256:8c2fcb12136530ed19572bbba61b407f655e3953ba669b96a35036a11a485793", size = 41888 },
    { url = "https://files.pythonhosted.org/packages/c7/eb/d88b1780d43a56db2cba24289fa744a9d216c1a8546a0dc3956563fd53ea/multidict-6.6.4-cp312-cp312-win_amd64.whl", hash = "sha256:047d9425860a8c9544fed1b9584f0c8bcd31bcde9568b047c5e567a1025ecd6e", size = 46072 },
    { url = "https://files.pythonhosted.org/packages/9f/16/b929320bf5750e2d9d4931835a4c638a19d2494a5b519caaaa7492ebe105/multidict-6.6.4-cp312-cp312-win_arm64.whl", hash = "sha256:14754eb72feaa1e8ae528468f24250dd997b8e2188c3d2f593f9eba259e4b364", size = 43222 },
    { url = "https://files.pythonhosted.org/packages/3a/5d/e1db626f64f60008320aab00fbe4f23fc3300d75892a3381275b3d284580/multidict-6.6.4-cp313-cp313-macosx_10_13_universal2.whl", hash = "sha256:f46a6e8597f9bd71b31cc708195d42b634c8527fecbcf93febf1052cacc1f16e", size = 75848 },
    { url = "https://files.pythonhosted.org/packages/4c/aa/8b6f548d839b6c13887253af4e29c939af22a18591bfb5d0ee6f1931dae8/multidict-6.6.4-cp313-cp313-macosx_10_13_x86_64.whl", hash = "sha256:22e38b2bc176c5eb9c0a0e379f9d188ae4cd8b28c0f53b52bce7ab0a9e534657", size = 45060 },
    { url = "https://files.pythonhosted.org/packages/eb/c6/f5e97e5d99a729bc2aa58eb3ebfa9f1e56a9b517cc38c60537c81834a73f/multidict-6.6.4-cp313-cp313-macosx_11_0_arm64.whl", hash = "sha256:5df8afd26f162da59e218ac0eefaa01b01b2e6cd606cffa46608f699539246da", size = 43269 },
    { url = "https://files.pythonhosted.org/packages/dc/31/d54eb0c62516776f36fe67f84a732f97e0b0e12f98d5685bebcc6d396910/multidict-6.6.4-cp313-cp313-manylinux1_i686.manylinux2014_i686.manylinux_2_17_i686.manylinux_2_5_i686.whl", hash = "sha256:49517449b58d043023720aa58e62b2f74ce9b28f740a0b5d33971149553d72aa", size = 237158 },
    { url = "https://files.pythonhosted.org/packages/c4/1c/8a10c1c25b23156e63b12165a929d8eb49a6ed769fdbefb06e6f07c1e50d/multidict-6.6.4-cp313-cp313-manylinux2014_aarch64.manylinux_2_17_aarch64.manylinux_2_28_aarch64.whl", hash = "sha256:ae9408439537c5afdca05edd128a63f56a62680f4b3c234301055d7a2000220f", size = 257076 },
    { url = "https://files.pythonhosted.org/packages/ad/86/90e20b5771d6805a119e483fd3d1e8393e745a11511aebca41f0da38c3e2/multidict-6.6.4-cp313-cp313-manylinux2014_armv7l.manylinux_2_17_armv7l.manylinux_2_31_armv7l.whl", hash = "sha256:87a32d20759dc52a9e850fe1061b6e41ab28e2998d44168a8a341b99ded1dba0", size = 240694 },
    { url = "https://files.pythonhosted.org/packages/e7/49/484d3e6b535bc0555b52a0a26ba86e4d8d03fd5587d4936dc59ba7583221/multidict-6.6.4-cp313-cp313-manylinux2014_ppc64le.manylinux_2_17_ppc64le.manylinux_2_28_ppc64le.whl", hash = "sha256:52e3c8d43cdfff587ceedce9deb25e6ae77daba560b626e97a56ddcad3756879", size = 266350 },
    { url = "https://files.pythonhosted.org/packages/bf/b4/aa4c5c379b11895083d50021e229e90c408d7d875471cb3abf721e4670d6/multidict-6.6.4-cp313-cp313-manylinux2014_s390x.manylinux_2_17_s390x.manylinux_2_28_s390x.whl", hash = "sha256:ad8850921d3a8d8ff6fbef790e773cecfc260bbfa0566998980d3fa8f520bc4a", size = 267250 },
    { url = "https://files.pythonhosted.org/packages/80/e5/5e22c5bf96a64bdd43518b1834c6d95a4922cc2066b7d8e467dae9b6cee6/multidict-6.6.4-cp313-cp313-manylinux2014_x86_64.manylinux_2_17_x86_64.manylinux_2_28_x86_64.whl", hash = "sha256:497a2954adc25c08daff36f795077f63ad33e13f19bfff7736e72c785391534f", size = 254900 },
    { url = "https://files.pythonhosted.org/packages/17/38/58b27fed927c07035abc02befacab42491e7388ca105e087e6e0215ead64/multidict-6.6.4-cp313-cp313-musllinux_1_2_aarch64.whl", hash = "sha256:024ce601f92d780ca1617ad4be5ac15b501cc2414970ffa2bb2bbc2bd5a68fa5", size = 252355 },
    { url = "https://files.pythonhosted.org/packages/d0/a1/dad75d23a90c29c02b5d6f3d7c10ab36c3197613be5d07ec49c7791e186c/multidict-6.6.4-cp313-cp313-musllinux_1_2_armv7l.whl", hash = "sha256:a693fc5ed9bdd1c9e898013e0da4dcc640de7963a371c0bd458e50e046bf6438", size = 250061 },
    { url = "https://files.pythonhosted.org/packages/b8/1a/ac2216b61c7f116edab6dc3378cca6c70dc019c9a457ff0d754067c58b20/multidict-6.6.4-cp313-cp313-musllinux_1_2_i686.whl", hash = "sha256:190766dac95aab54cae5b152a56520fd99298f32a1266d66d27fdd1b5ac00f4e", size = 249675 },
    { url = "https://files.pythonhosted.org/packages/d4/79/1916af833b800d13883e452e8e0977c065c4ee3ab7a26941fbfdebc11895/multidict-6.6.4-cp313-cp313-musllinux_1_2_ppc64le.whl", hash = "sha256:34d8f2a5ffdceab9dcd97c7a016deb2308531d5f0fced2bb0c9e1df45b3363d7", size = 261247 },
    { url = "https://files.pythonhosted.org/packages/c5/65/d1f84fe08ac44a5fc7391cbc20a7cedc433ea616b266284413fd86062f8c/multidict-6.6.4-cp313-cp313-musllinux_1_2_s390x.whl", hash = "sha256:59e8d40ab1f5a8597abcef00d04845155a5693b5da00d2c93dbe88f2050f2812", size = 257960 },
    { url = "https://files.pythonhosted.org/packages/13/b5/29ec78057d377b195ac2c5248c773703a6b602e132a763e20ec0457e7440/multidict-6.6.4-cp313-cp313-musllinux_1_2_x86_64.whl", hash = "sha256:467fe64138cfac771f0e949b938c2e1ada2b5af22f39692aa9258715e9ea613a", size = 250078 },
    { url = "https://files.pythonhosted.org/packages/c4/0e/7e79d38f70a872cae32e29b0d77024bef7834b0afb406ddae6558d9e2414/multidict-6.6.4-cp313-cp313-win32.whl", hash = "sha256:14616a30fe6d0a48d0a48d1a633ab3b8bec4cf293aac65f32ed116f620adfd69", size = 41708 },
    { url = "https://files.pythonhosted.org/packages/9d/34/746696dffff742e97cd6a23da953e55d0ea51fa601fa2ff387b3edcfaa2c/multidict-6.6.4-cp313-cp313-win_amd64.whl", hash = "sha256:40cd05eaeb39e2bc8939451f033e57feaa2ac99e07dbca8afe2be450a4a3b6cf", size = 45912 },
    { url = "https://files.pythonhosted.org/packages/c7/87/3bac136181e271e29170d8d71929cdeddeb77f3e8b6a0c08da3a8e9da114/multidict-6.6.4-cp313-cp313-win_arm64.whl", hash = "sha256:f6eb37d511bfae9e13e82cb4d1af36b91150466f24d9b2b8a9785816deb16605", size = 43076 },
    { url = "https://files.pythonhosted.org/packages/64/94/0a8e63e36c049b571c9ae41ee301ada29c3fee9643d9c2548d7d558a1d99/multidict-6.6.4-cp313-cp313t-macosx_10_13_universal2.whl", hash = "sha256:6c84378acd4f37d1b507dfa0d459b449e2321b3ba5f2338f9b085cf7a7ba95eb", size = 82812 },
    { url = "https://files.pythonhosted.org/packages/25/1a/be8e369dfcd260d2070a67e65dd3990dd635cbd735b98da31e00ea84cd4e/multidict-6.6.4-cp313-cp313t-macosx_10_13_x86_64.whl", hash = "sha256:0e0558693063c75f3d952abf645c78f3c5dfdd825a41d8c4d8156fc0b0da6e7e", size = 48313 },
    { url = "https://files.pythonhosted.org/packages/26/5a/dd4ade298674b2f9a7b06a32c94ffbc0497354df8285f27317c66433ce3b/multidict-6.6.4-cp313-cp313t-macosx_11_0_arm64.whl", hash = "sha256:3f8e2384cb83ebd23fd07e9eada8ba64afc4c759cd94817433ab8c81ee4b403f", size = 46777 },
    { url = "https://files.pythonhosted.org/packages/89/db/98aa28bc7e071bfba611ac2ae803c24e96dd3a452b4118c587d3d872c64c/multidict-6.6.4-cp313-cp313t-manylinux1_i686.manylinux2014_i686.manylinux_2_17_i686.manylinux_2_5_i686.whl", hash = "sha256:f996b87b420995a9174b2a7c1a8daf7db4750be6848b03eb5e639674f7963773", size = 229321 },
    { url = "https://files.pythonhosted.org/packages/c7/bc/01ddda2a73dd9d167bd85d0e8ef4293836a8f82b786c63fb1a429bc3e678/multidict-6.6.4-cp313-cp313t-manylinux2014_aarch64.manylinux_2_17_aarch64.manylinux_2_28_aarch64.whl", hash = "sha256:cc356250cffd6e78416cf5b40dc6a74f1edf3be8e834cf8862d9ed5265cf9b0e", size = 249954 },
    { url = "https://files.pythonhosted.org/packages/06/78/6b7c0f020f9aa0acf66d0ab4eb9f08375bac9a50ff5e3edb1c4ccd59eafc/multidict-6.6.4-cp313-cp313t-manylinux2014_armv7l.manylinux_2_17_armv7l.manylinux_2_31_armv7l.whl", hash = "sha256:dadf95aa862714ea468a49ad1e09fe00fcc9ec67d122f6596a8d40caf6cec7d0", size = 228612 },
    { url = "https://files.pythonhosted.org/packages/00/44/3faa416f89b2d5d76e9d447296a81521e1c832ad6e40b92f990697b43192/multidict-6.6.4-cp313-cp313t-manylinux2014_ppc64le.manylinux_2_17_ppc64le.manylinux_2_28_ppc64le.whl", hash = "sha256:7dd57515bebffd8ebd714d101d4c434063322e4fe24042e90ced41f18b6d3395", size = 257528 },
    { url = "https://files.pythonhosted.org/packages/05/5f/77c03b89af0fcb16f018f668207768191fb9dcfb5e3361a5e706a11db2c9/multidict-6.6.4-cp313-cp313t-manylinux2014_s390x.manylinux_2_17_s390x.manylinux_2_28_s390x.whl", hash = "sha256:967af5f238ebc2eb1da4e77af5492219fbd9b4b812347da39a7b5f5c72c0fa45", size = 256329 },
    { url = "https://files.pythonhosted.org/packages/cf/e9/ed750a2a9afb4f8dc6f13dc5b67b514832101b95714f1211cd42e0aafc26/multidict-6.6.4-cp313-cp313t-manylinux2014_x86_64.manylinux_2_17_x86_64.manylinux_2_28_x86_64.whl", hash = "sha256:2a4c6875c37aae9794308ec43e3530e4aa0d36579ce38d89979bbf89582002bb", size = 247928 },
    { url = "https://files.pythonhosted.org/packages/1f/b5/e0571bc13cda277db7e6e8a532791d4403dacc9850006cb66d2556e649c0/multidict-6.6.4-cp313-cp313t-musllinux_1_2_aarch64.whl", hash = "sha256:7f683a551e92bdb7fac545b9c6f9fa2aebdeefa61d607510b3533286fcab67f5", size = 245228 },
    { url = "https://files.pythonhosted.org/packages/f3/a3/69a84b0eccb9824491f06368f5b86e72e4af54c3067c37c39099b6687109/multidict-6.6.4-cp313-cp313t-musllinux_1_2_armv7l.whl", hash = "sha256:3ba5aaf600edaf2a868a391779f7a85d93bed147854925f34edd24cc70a3e141", size = 235869 },
    { url = "https://files.pythonhosted.org/packages/a9/9d/28802e8f9121a6a0804fa009debf4e753d0a59969ea9f70be5f5fdfcb18f/multidict-6.6.4-cp313-cp313t-musllinux_1_2_i686.whl", hash = "sha256:580b643b7fd2c295d83cad90d78419081f53fd532d1f1eb67ceb7060f61cff0d", size = 243446 },
    { url = "https://files.pythonhosted.org/packages/38/ea/6c98add069b4878c1d66428a5f5149ddb6d32b1f9836a826ac764b9940be/multidict-6.6.4-cp313-cp313t-musllinux_1_2_ppc64le.whl", hash = "sha256:37b7187197da6af3ee0b044dbc9625afd0c885f2800815b228a0e70f9a7f473d", size = 252299 },
    { url = "https://files.pythonhosted.org/packages/3a/09/8fe02d204473e14c0af3affd50af9078839dfca1742f025cca765435d6b4/multidict-6.6.4-cp313-cp313t-musllinux_1_2_s390x.whl", hash = "sha256:e1b93790ed0bc26feb72e2f08299691ceb6da5e9e14a0d13cc74f1869af327a0", size = 246926 },
    { url = "https://files.pythonhosted.org/packages/37/3d/7b1e10d774a6df5175ecd3c92bff069e77bed9ec2a927fdd4ff5fe182f67/multidict-6.6.4-cp313-cp313t-musllinux_1_2_x86_64.whl", hash = "sha256:a506a77ddee1efcca81ecbeae27ade3e09cdf21a8ae854d766c2bb4f14053f92", size = 243383 },
    { url = "https://files.pythonhosted.org/packages/50/b0/a6fae46071b645ae98786ab738447de1ef53742eaad949f27e960864bb49/multidict-6.6.4-cp313-cp313t-win32.whl", hash = "sha256:f93b2b2279883d1d0a9e1bd01f312d6fc315c5e4c1f09e112e4736e2f650bc4e", size = 47775 },
    { url = "https://files.pythonhosted.org/packages/b2/0a/2436550b1520091af0600dff547913cb2d66fbac27a8c33bc1b1bccd8d98/multidict-6.6.4-cp313-cp313t-win_amd64.whl", hash = "sha256:6d46a180acdf6e87cc41dc15d8f5c2986e1e8739dc25dbb7dac826731ef381a4", size = 53100 },
    { url = "https://files.pythonhosted.org/packages/97/ea/43ac51faff934086db9c072a94d327d71b7d8b40cd5dcb47311330929ef0/multidict-6.6.4-cp313-cp313t-win_arm64.whl", hash = "sha256:756989334015e3335d087a27331659820d53ba432befdef6a718398b0a8493ad", size = 45501 },
    { url = "https://files.pythonhosted.org/packages/fd/69/b547032297c7e63ba2af494edba695d781af8a0c6e89e4d06cf848b21d80/multidict-6.6.4-py3-none-any.whl", hash = "sha256:27d8f8e125c07cb954e54d75d04905a9bba8a439c1d84aca94949d4d03d8601c", size = 12313 },
]

[[package]]
name = "mypy-extensions"
version = "1.1.0"
source = { registry = "https://pypi.org/simple" }
sdist = { url = "https://files.pythonhosted.org/packages/a2/6e/371856a3fb9d31ca8dac321cda606860fa4548858c0cc45d9d1d4ca2628b/mypy_extensions-1.1.0.tar.gz", hash = "sha256:52e68efc3284861e772bbcd66823fde5ae21fd2fdb51c62a211403730b916558", size = 6343 }
wheels = [
    { url = "https://files.pythonhosted.org/packages/79/7b/2c79738432f5c924bef5071f933bcc9efd0473bac3b4aa584a6f7c1c8df8/mypy_extensions-1.1.0-py3-none-any.whl", hash = "sha256:1be4cccdb0f2482337c4743e60421de3a356cd97508abadd57d47403e94f5505", size = 4963 },
]

[[package]]
name = "packaging"
version = "25.0"
source = { registry = "https://pypi.org/simple" }
sdist = { url = "https://files.pythonhosted.org/packages/a1/d4/1fc4078c65507b51b96ca8f8c3ba19e6a61c8253c72794544580a7b6c24d/packaging-25.0.tar.gz", hash = "sha256:d443872c98d677bf60f6a1f2f8c1cb748e8fe762d2bf9d3148b5599295b0fc4f", size = 165727 }
wheels = [
    { url = "https://files.pythonhosted.org/packages/20/12/38679034af332785aac8774540895e234f4d07f7545804097de4b666afd8/packaging-25.0-py3-none-any.whl", hash = "sha256:29572ef2b1f17581046b3a2227d5c611fb25ec70ca1ba8554b24b0e69331a484", size = 66469 },
]

[[package]]
name = "pathspec"
version = "0.12.1"
source = { registry = "https://pypi.org/simple" }
sdist = { url = "https://files.pythonhosted.org/packages/ca/bc/f35b8446f4531a7cb215605d100cd88b7ac6f44ab3fc94870c120ab3adbf/pathspec-0.12.1.tar.gz", hash = "sha256:a482d51503a1ab33b1c67a6c3813a26953dbdc71c31dacaef9a838c4e29f5712", size = 51043 }
wheels = [
    { url = "https://files.pythonhosted.org/packages/cc/20/ff623b09d963f88bfde16306a54e12ee5ea43e9b597108672ff3a408aad6/pathspec-0.12.1-py3-none-any.whl", hash = "sha256:a0d503e138a4c123b27490a4f7beda6a01c6f288df0e4a8b79c7eb0dc7b4cc08", size = 31191 },
]

[[package]]
name = "platformdirs"
version = "4.4.0"
source = { registry = "https://pypi.org/simple" }
sdist = { url = "https://files.pythonhosted.org/packages/23/e8/21db9c9987b0e728855bd57bff6984f67952bea55d6f75e055c46b5383e8/platformdirs-4.4.0.tar.gz", hash = "sha256:ca753cf4d81dc309bc67b0ea38fd15dc97bc30ce419a7f58d13eb3bf14c4febf", size = 21634 }
wheels = [
    { url = "https://files.pythonhosted.org/packages/40/4b/2028861e724d3bd36227adfa20d3fd24c3fc6d52032f4a93c133be5d17ce/platformdirs-4.4.0-py3-none-any.whl", hash = "sha256:abd01743f24e5287cd7a5db3752faf1a2d65353f38ec26d98e25a6db65958c85", size = 18654 },
]

[[package]]
name = "pluggy"
version = "1.6.0"
source = { registry = "https://pypi.org/simple" }
sdist = { url = "https://files.pythonhosted.org/packages/f9/e2/3e91f31a7d2b083fe6ef3fa267035b518369d9511ffab804f839851d2779/pluggy-1.6.0.tar.gz", hash = "sha256:7dcc130b76258d33b90f61b658791dede3486c3e6bfb003ee5c9bfb396dd22f3", size = 69412 }
wheels = [
    { url = "https://files.pythonhosted.org/packages/54/20/4d324d65cc6d9205fabedc306948156824eb9f0ee1633355a8f7ec5c66bf/pluggy-1.6.0-py3-none-any.whl", hash = "sha256:e920276dd6813095e9377c0bc5566d94c932c33b27a3e3945d8389c374dd4746", size = 20538 },
]

[[package]]
name = "pytest"
version = "7.4.0"
source = { registry = "https://pypi.org/simple" }
dependencies = [
    { name = "colorama", marker = "sys_platform == 'win32'" },
    { name = "iniconfig" },
    { name = "packaging" },
    { name = "pluggy" },
]
sdist = { url = "https://files.pythonhosted.org/packages/a7/f3/dadfbdbf6b6c8b5bd02adb1e08bc9fbb45ba51c68b0893fa536378cdf485/pytest-7.4.0.tar.gz", hash = "sha256:b4bf8c45bd59934ed84001ad51e11b4ee40d40a1229d2c79f9c592b0a3f6bd8a", size = 1349733 }
wheels = [
    { url = "https://files.pythonhosted.org/packages/33/b2/741130cbcf2bbfa852ed95a60dc311c9e232c7ed25bac3d9b8880a8df4ae/pytest-7.4.0-py3-none-any.whl", hash = "sha256:78bf16451a2eb8c7a2ea98e32dc119fd2aa758f1d5d66dbf0a59d69a3969df32", size = 323580 },
]

[[package]]
name = "pytest-asyncio"
version = "0.21.1"
source = { registry = "https://pypi.org/simple" }
dependencies = [
    { name = "pytest" },
]
sdist = { url = "https://files.pythonhosted.org/packages/5a/85/d39ef5f69d5597a206f213ce387bcdfa47922423875829f7a98a87d33281/pytest-asyncio-0.21.1.tar.gz", hash = "sha256:40a7eae6dded22c7b604986855ea48400ab15b069ae38116e8c01238e9eeb64d", size = 30492 }
wheels = [
    { url = "https://files.pythonhosted.org/packages/7d/2c/2e5ab8708667972ee31b88bb6fed680ed5ba92dfc2db28e07d0d68d8b3b1/pytest_asyncio-0.21.1-py3-none-any.whl", hash = "sha256:8666c1c8ac02631d7c51ba282e0c69a8a452b211ffedf2599099845da5c5c37b", size = 13228 },
]

[[package]]
name = "python-dateutil"
version = "2.9.0.post0"
source = { registry = "https://pypi.org/simple" }
dependencies = [
    { name = "six" },
]
sdist = { url = "https://files.pythonhosted.org/packages/66/c0/0c8b6ad9f17a802ee498c46e004a0eb49bc148f2fd230864601a86dcf6db/python-dateutil-2.9.0.post0.tar.gz", hash = "sha256:37dd54208da7e1cd875388217d5e00ebd4179249f90fb72437e91a35459a0ad3", size = 342432 }
wheels = [
    { url = "https://files.pythonhosted.org/packages/ec/57/56b9bcc3c9c6a792fcbaf139543cee77261f3651ca9da0c93f5c1221264b/python_dateutil-2.9.0.post0-py2.py3-none-any.whl", hash = "sha256:a8b2bc7bffae282281c8140a97d3aa9c14da0b136dfe83f850eea9a5f7470427", size = 229892 },
]

[[package]]
name = "python-dotenv"
version = "1.1.1"
source = { registry = "https://pypi.org/simple" }
sdist = { url = "https://files.pythonhosted.org/packages/f6/b0/4bc07ccd3572a2f9df7e6782f52b0c6c90dcbb803ac4a167702d7d0dfe1e/python_dotenv-1.1.1.tar.gz", hash = "sha256:a8a6399716257f45be6a007360200409fce5cda2661e3dec71d23dc15f6189ab", size = 41978 }
wheels = [
    { url = "https://files.pythonhosted.org/packages/5f/ed/539768cf28c661b5b068d66d96a2f155c4971a5d55684a514c1a0e0dec2f/python_dotenv-1.1.1-py3-none-any.whl", hash = "sha256:31f23644fe2602f88ff55e1f5c79ba497e01224ee7737937930c448e4d0e24dc", size = 20556 },
]

[[package]]
name = "six"
version = "1.17.0"
source = { registry = "https://pypi.org/simple" }
sdist = { url = "https://files.pythonhosted.org/packages/94/e7/b2c673351809dca68a0e064b6af791aa332cf192da575fd474ed7d6f16a2/six-1.17.0.tar.gz", hash = "sha256:ff70335d468e7eb6ec65b95b99d3a2836546063f63acc5171de367e834932a81", size = 34031 }
wheels = [
    { url = "https://files.pythonhosted.org/packages/b7/ce/149a00dd41f10bc29e5921b496af8b574d8413afcd5e30dfa0ed46c2cc5e/six-1.17.0-py2.py3-none-any.whl", hash = "sha256:4721f391ed90541fddacab5acf947aa0d3dc7d27b2e1e8eda2be8970586c3274", size = 11050 },
]

[[package]]
name = "typing-extensions"
version = "4.15.0"
source = { registry = "https://pypi.org/simple" }
sdist = { url = "https://files.pythonhosted.org/packages/72/94/1a15dd82efb362ac84269196e94cf00f187f7ed21c242792a923cdb1c61f/typing_extensions-4.15.0.tar.gz", hash = "sha256:0cea48d173cc12fa28ecabc3b837ea3cf6f38c6d1136f85cbaaf598984861466", size = 109391 }
wheels = [
    { url = "https://files.pythonhosted.org/packages/18/67/36e9267722cc04a6b9f15c7f3441c2363321a3ea07da7ae0c0707beb2a9c/typing_extensions-4.15.0-py3-none-any.whl", hash = "sha256:f0fa19c6845758ab08074a0cfa8b7aecb71c999ca73d62883bc25cc018c4e548", size = 44614 },
]
