version = 1
revision = 3
requires-python = ">=3.13"

[[package]]
name = "annotated-types"
version = "0.7.0"
source = { registry = "https://pypi.org/simple" }
sdist = { url = "https://files.pythonhosted.org/packages/ee/67/531ea369ba64dcff5ec9c3402f9f51bf748cec26dde048a2f973a4eea7f5/annotated_types-0.7.0.tar.gz", hash = "sha256:aff07c09a53a08bc8cfccb9c85b05f1aa9a2a6f23728d790723543408344ce89", size = 16081, upload-time = "2024-05-20T21:33:25.928Z" }
wheels = [
    { url = "https://files.pythonhosted.org/packages/78/b6/6307fbef88d9b5ee7421e68d78a9f162e0da4900bc5f5793f6d3d0e34fb8/annotated_types-0.7.0-py3-none-any.whl", hash = "sha256:1f02e8b43a8fbbc3f3e0d4f0f4bfc8131bcb4eebe8849b8e5c773f3a1c582a53", size = 13643, upload-time = "2024-05-20T21:33:24.1Z" },
]

[[package]]
name = "anyio"
version = "4.10.0"
source = { registry = "https://pypi.org/simple" }
dependencies = [
    { name = "idna" },
    { name = "sniffio" },
]
sdist = { url = "https://files.pythonhosted.org/packages/f1/b4/636b3b65173d3ce9a38ef5f0522789614e590dab6a8d505340a4efe4c567/anyio-4.10.0.tar.gz", hash = "sha256:3f3fae35c96039744587aa5b8371e7e8e603c0702999535961dd336026973ba6", size = 213252, upload-time = "2025-08-04T08:54:26.451Z" }
wheels = [
    { url = "https://files.pythonhosted.org/packages/6f/12/e5e0282d673bb9746bacfb6e2dba8719989d3660cdb2ea79aee9a9651afb/anyio-4.10.0-py3-none-any.whl", hash = "sha256:60e474ac86736bbfd6f210f7a61218939c318f43f9972497381f1c5e930ed3d1", size = 107213, upload-time = "2025-08-04T08:54:24.882Z" },
]

[[package]]
name = "fastapi"
version = "0.116.1"
source = { registry = "https://pypi.org/simple" }
dependencies = [
    { name = "pydantic" },
    { name = "starlette" },
    { name = "typing-extensions" },
]
sdist = { url = "https://files.pythonhosted.org/packages/78/d7/6c8b3bfe33eeffa208183ec037fee0cce9f7f024089ab1c5d12ef04bd27c/fastapi-0.116.1.tar.gz", hash = "sha256:ed52cbf946abfd70c5a0dccb24673f0670deeb517a88b3544d03c2a6bf283143", size = 296485, upload-time = "2025-07-11T16:22:32.057Z" }
wheels = [
    { url = "https://files.pythonhosted.org/packages/e5/47/d63c60f59a59467fda0f93f46335c9d18526d7071f025cb5b89d5353ea42/fastapi-0.116.1-py3-none-any.whl", hash = "sha256:c46ac7c312df840f0c9e220f7964bada936781bc4e2e6eb71f1c4d7553786565", size = 95631, upload-time = "2025-07-11T16:22:30.485Z" },
]

[[package]]
name = "idna"
version = "3.10"
source = { registry = "https://pypi.org/simple" }
sdist = { url = "https://files.pythonhosted.org/packages/f1/70/7703c29685631f5a7590aa73f1f1d3fa9a380e654b86af429e0934a32f7d/idna-3.10.tar.gz", hash = "sha256:12f65c9b470abda6dc35cf8e63cc574b1c52b11df2c86030af0ac09b01b13ea9", size = 190490, upload-time = "2024-09-15T18:07:39.745Z" }
wheels = [
    { url = "https://files.pythonhosted.org/packages/76/c6/c88e154df9c4e1a2a66ccf0005a88dfb2650c1dffb6f5ce603dfbd452ce3/idna-3.10-py3-none-any.whl", hash = "sha256:946d195a0d259cbba61165e88e65941f16e9b36ea6ddb97f00452bae8b1287d3", size = 70442, upload-time = "2024-09-15T18:07:37.964Z" },
]

[[package]]
name = "pydantic"
version = "2.12.0a1"
source = { registry = "https://pypi.org/simple" }
dependencies = [
    { name = "annotated-types" },
    { name = "pydantic-core" },
    { name = "typing-extensions" },
    { name = "typing-inspection" },
]
sdist = { url = "https://files.pythonhosted.org/packages/02/e0/1a4cb54fbbb606f3b19fc0f5a3c8776902c49da847c32546674644cfa212/pydantic-2.12.0a1.tar.gz", hash = "sha256:5724048f8b728a721f993de95cadf6ef47ce18043034316798aa5acbab30f7ce", size = 802751, upload-time = "2025-07-26T18:28:55.313Z" }
wheels = [
    { url = "https://files.pythonhosted.org/packages/d5/6c/e7f4ff7094ea277cc164c56325cf903a93312655f5d1ac68d7d5dd10facc/pydantic-2.12.0a1-py3-none-any.whl", hash = "sha256:f292f0df096a522be36558f1c569d840b27de8ad64234996b068b891c4bc99e7", size = 453772, upload-time = "2025-07-26T18:28:52.799Z" },
]

[[package]]
name = "pydantic-core"
version = "2.37.2"
source = { registry = "https://pypi.org/simple" }
dependencies = [
    { name = "typing-extensions" },
]
sdist = { url = "https://files.pythonhosted.org/packages/e6/e3/533de0eacb89752c7536bd6551f622e70953811d4cf33f16765bc768e053/pydantic_core-2.37.2.tar.gz", hash = "sha256:78fb2a749123408fedaf540a22ca6bf0b5ec1f522a14fc00e27ede33d8ac088c", size = 443903, upload-time = "2025-07-26T11:30:10.053Z" }
wheels = [
    { url = "https://files.pythonhosted.org/packages/b0/99/f85f974b76d9e7f226faca45552b285f1c6e22634187cccb31eeab384711/pydantic_core-2.37.2-cp313-cp313-macosx_10_12_x86_64.whl", hash = "sha256:544f6430e2fb3e332b9fef44c7709564876e8a56bfe27b7d09e41eae8348b804", size = 2093409, upload-time = "2025-07-26T11:27:58.146Z" },
    { url = "https://files.pythonhosted.org/packages/ff/97/c42cd9235aa2f3d7f1908c17d0913e4b577c0e6a3bb9a4287362903a6271/pydantic_core-2.37.2-cp313-cp313-macosx_11_0_arm64.whl", hash = "sha256:33f67465de77043f5382d8a5237b68ca36327ebd8ab726609c66a0e8a383a13f", size = 1876181, upload-time = "2025-07-26T11:27:59.722Z" },
    { url = "https://files.pythonhosted.org/packages/64/ba/d7558ef46460544e6383ad224a1351edde6ec2113df0310e4dd25068a0dc/pydantic_core-2.37.2-cp313-cp313-manylinux_2_17_aarch64.manylinux2014_aarch64.whl", hash = "sha256:6a686a713976796772f71117249de2bdd55edb0295964426ef2ceaa77c99b711", size = 1937685, upload-time = "2025-07-26T11:28:01.356Z" },
    { url = "https://files.pythonhosted.org/packages/5e/66/d4e5ba678659b6fabc471ce8d4dab61a39b2a0aa70b29c5daed77c47ed74/pydantic_core-2.37.2-cp313-cp313-manylinux_2_17_armv7l.manylinux2014_armv7l.whl", hash = "sha256:ebef7afcbb10a1269c6df9571f6a3cdba29d6415e2432a2dec03e6d782d8344e", size = 2031864, upload-time = "2025-07-26T11:28:03.076Z" },
    { url = "https://files.pythonhosted.org/packages/a6/dc/80ed1b744a5e67220822c75ace93109d3cc1c70fa3f6d3a10c6c681ecdc4/pydantic_core-2.37.2-cp313-cp313-manylinux_2_17_ppc64le.manylinux2014_ppc64le.whl", hash = "sha256:0dc5d2620b80126de92da3c2ed8503b9daba5edc8eea3c1823d6fcb188589345", size = 2194693, upload-time = "2025-07-26T11:28:04.734Z" },
    { url = "https://files.pythonhosted.org/packages/2f/3f/7a7669f15837d34b392f87554b120e23d610039894edc137f56db7df3a2e/pydantic_core-2.37.2-cp313-cp313-manylinux_2_17_s390x.manylinux2014_s390x.whl", hash = "sha256:2f80059c7e07d14000a1c59c31e304b0832448cf4cc906f9386cb19047abb681", size = 2303209, upload-time = "2025-07-26T11:28:06.638Z" },
    { url = "https://files.pythonhosted.org/packages/6b/96/0fa9cff2a5a64dfe7680fa47d411eab5eb2965ec81ecdb6584fc9fcee988/pydantic_core-2.37.2-cp313-cp313-manylinux_2_17_x86_64.manylinux2014_x86_64.whl", hash = "sha256:a012d9a45382b256500400f36b8cdc8ec96f6d2913b5f8ee8f767b1b092ce8bd", size = 2042003, upload-time = "2025-07-26T11:28:08.181Z" },
    { url = "https://files.pythonhosted.org/packages/ab/a5/0c553a30312b374a371435ba063332e0380bfd7bbc8a8a2279c8ebc483cf/pydantic_core-2.37.2-cp313-cp313-manylinux_2_5_i686.manylinux1_i686.whl", hash = "sha256:6a4828a9a63168ade035052c5e5d8f2a5f8ed39b3a8d085bd3c0f0577bb2aab5", size = 2157534, upload-time = "2025-07-26T11:28:09.926Z" },
    { url = "https://files.pythonhosted.org/packages/12/c5/6cb6621a1cb36e726848b4f164902450f52bcf8ccdb08199ab7b7d4d7c30/pydantic_core-2.37.2-cp313-cp313-musllinux_1_1_aarch64.whl", hash = "sha256:7b0f69cfbe6ab42944d84bea28c9f3a58f63fc1aef728ed176e4319ad36623dd", size = 2117283, upload-time = "2025-07-26T11:28:11.998Z" },
    { url = "https://files.pythonhosted.org/packages/ca/30/300d04f8c0a4c8e7454ea3aed25ab5791ec6bafdcab311409fed979956b7/pydantic_core-2.37.2-cp313-cp313-musllinux_1_1_armv7l.whl", hash = "sha256:3f2f004f0ad41d6fd26b59a41d24c5c01d5f98ccabde338d4a35e76a864dfaf4", size = 2306110, upload-time = "2025-07-26T11:28:13.716Z" },
    { url = "https://files.pythonhosted.org/packages/38/2a/d5fe85e8f99bbd56d8865639aff06b71f1559534572f667fcf719c8a8b94/pydantic_core-2.37.2-cp313-cp313-musllinux_1_1_x86_64.whl", hash = "sha256:1e90e7495d50e6063bd7c1cd669a01697ff671719781d095ad1d2966a26b0218", size = 2308043, upload-time = "2025-07-26T11:28:15.518Z" },
    { url = "https://files.pythonhosted.org/packages/48/4b/864da5cee748f83de5cce65d649178856e36c86d8e2245705ced8bc95374/pydantic_core-2.37.2-cp313-cp313-win32.whl", hash = "sha256:c7f7fdef12127c680a892cbad70429a6103fa2eb476897b5f5cca2c25dd50d7e", size = 1955505, upload-time = "2025-07-26T11:28:17.551Z" },
    { url = "https://files.pythonhosted.org/packages/40/33/ea811972701d768af9a0bebbe45db196dc2826ae343b5093832950cb5875/pydantic_core-2.37.2-cp313-cp313-win_amd64.whl", hash = "sha256:0433ad8291d1a0c84dfafc993483edb12280a5ba39c547ab965b4c1f2b78f05e", size = 2004808, upload-time = "2025-07-26T11:28:19.766Z" },
    { url = "https://files.pythonhosted.org/packages/45/15/7e7d6581ef9cb72e8b9a5e0f5940838c0c1f98a26d98767f693582f570ea/pydantic_core-2.37.2-cp313-cp313-win_arm64.whl", hash = "sha256:aa033221b49abe4e91431249ef52c2dfa31f13f3187a1e581586a4cb04567f6e", size = 1953700, upload-time = "2025-07-26T11:28:21.345Z" },
    { url = "https://files.pythonhosted.org/packages/4f/cd/4b4d305cdb334ef77836e6f6898e6426d91a51b27268e03c14f63e09849f/pydantic_core-2.37.2-cp313-cp313t-macosx_11_0_arm64.whl", hash = "sha256:a909d7a8eab6a40801e39651bb4912ae39f655c131928b2c2a56e17216637475", size = 1829454, upload-time = "2025-07-26T11:28:22.998Z" },
    { url = "https://files.pythonhosted.org/packages/6a/7c/09cc9b8fb9fc5bc5cf7e8d8f712acc25d7533ade9f759aa5f70d49e8be42/pydantic_core-2.37.2-cp313-cp313t-manylinux_2_17_x86_64.manylinux2014_x86_64.whl", hash = "sha256:a945ef942eec1d28a4b67c7a72686eb0d9bc60f6b1d06d3bafcd376c7bffbc80", size = 2007536, upload-time = "2025-07-26T11:28:24.756Z" },
    { url = "https://files.pythonhosted.org/packages/f3/36/4315c3d05fdb34aff9647bb0ca8054a43b620f9d881ad7a644312456763c/pydantic_core-2.37.2-cp313-cp313t-win_amd64.whl", hash = "sha256:c2c394c7fc57bbbab24a7c2ff2109ad6a399413f843c418ff0523c7fdd321c09", size = 1961022, upload-time = "2025-07-26T11:28:26.477Z" },
    { url = "https://files.pythonhosted.org/packages/de/19/07e73aba49c1cba4c9131a09f64e9bb419b5ee3e63b60322ea28ac586111/pydantic_core-2.37.2-cp314-cp314-macosx_10_12_x86_64.whl", hash = "sha256:dd2d989d27e15494677cd55512987bde711622e86ede2058444aa8346a15c648", size = 2094344, upload-time = "2025-07-26T11:28:28.215Z" },
    { url = "https://files.pythonhosted.org/packages/97/15/9b7a4d366647e9d27c35fb018e9310a71545f2e1e776573ee77afd00fca6/pydantic_core-2.37.2-cp314-cp314-macosx_11_0_arm64.whl", hash = "sha256:3bf27ce2fc6345a7c073786fcc5b68b667c7b4566c774fef9a61bf3611e67d6b", size = 1870386, upload-time = "2025-07-26T11:28:29.891Z" },
    { url = "https://files.pythonhosted.org/packages/3f/15/bfdbcb091b33c0b31563c202e2b4f4376110c56e41e2a4b55ee96a60c82a/pydantic_core-2.37.2-cp314-cp314-manylinux_2_17_aarch64.manylinux2014_aarch64.whl", hash = "sha256:d76e1db764c7756281fe17d06d1825610fe8ab3aa4acf1a592e1fb1925a79642", size = 1936224, upload-time = "2025-07-26T11:28:31.686Z" },
    { url = "https://files.pythonhosted.org/packages/26/b8/994c0dff145213e29d59c8c6013984c07abaaa806f609dd9bf6f57267f23/pydantic_core-2.37.2-cp314-cp314-manylinux_2_17_armv7l.manylinux2014_armv7l.whl", hash = "sha256:ce27109f89e70c6dba047862c07ef326f4a7243f54dd42f5d59cc3dca5e8631f", size = 2033654, upload-time = "2025-07-26T11:28:35.296Z" },
    { url = "https://files.pythonhosted.org/packages/16/69/661ae29dc7a298431f5ddff5b3291124f92b079d6b1801859058ef9e0df5/pydantic_core-2.37.2-cp314-cp314-manylinux_2_17_ppc64le.manylinux2014_ppc64le.whl", hash = "sha256:182a42835e5ad1ac3970785df9dbe25c8418aba03042679b4657bbd992fbfb39", size = 2195866, upload-time = "2025-07-26T11:28:37.086Z" },
    { url = "https://files.pythonhosted.org/packages/2c/59/9904f61abc8c4883303e5164de3c2031ed7d5c5492fe89630306669bea15/pydantic_core-2.37.2-cp314-cp314-manylinux_2_17_s390x.manylinux2014_s390x.whl", hash = "sha256:e51a7b13074fa00d97e5cb60344a71b0923771ffacb01acb0476138b22597e33", size = 2306381, upload-time = "2025-07-26T11:28:38.897Z" },
    { url = "https://files.pythonhosted.org/packages/09/36/7be5601b4933643553fe394f237bbd9f5604cc825b9dab383438d12c97e9/pydantic_core-2.37.2-cp314-cp314-manylinux_2_17_x86_64.manylinux2014_x86_64.whl", hash = "sha256:fb879dab63b34480a1d28ec54ccbe0f62776f530ae9ad06bf0769bf889662146", size = 2036809, upload-time = "2025-07-26T11:28:40.608Z" },
    { url = "https://files.pythonhosted.org/packages/14/96/a32e9cfddc449e88bed43192f52715aaa88fe04571d7d355083cbae9aea7/pydantic_core-2.37.2-cp314-cp314-manylinux_2_5_i686.manylinux1_i686.whl", hash = "sha256:8b3f68bf55d4e5c7daee7dcc455534af4a95ff5ddff1181f1fcb66278e5ef0e7", size = 2160913, upload-time = "2025-07-26T11:28:43.04Z" },
    { url = "https://files.pythonhosted.org/packages/a9/8c/5fec1161b604b0861cea7c1c158e4fc227977a7dd12a10614e0f96930134/pydantic_core-2.37.2-cp314-cp314-musllinux_1_1_aarch64.whl", hash = "sha256:777533bf33f38de0fa95141051faf092378c83e61762636c8d4df9051ebbbded", size = 2116794, upload-time = "2025-07-26T11:28:45.28Z" },
    { url = "https://files.pythonhosted.org/packages/9c/7f/66f4815884845bd8ffb37af25e88ffdae1f6a7ce840dcdb5de2933fb66f7/pydantic_core-2.37.2-cp314-cp314-musllinux_1_1_armv7l.whl", hash = "sha256:e935a616dc13c07dcfbe2e57fd2898216a2c8b8c331a4c2be6ac5833c811b6f5", size = 2307258, upload-time = "2025-07-26T11:28:47.105Z" },
    { url = "https://files.pythonhosted.org/packages/cb/2f/8f9eb491985d4959fc1a4def1d5081eb3fdf28f449041918fa35f3afa825/pydantic_core-2.37.2-cp314-cp314-musllinux_1_1_x86_64.whl", hash = "sha256:88b1f419faee6d031b595abaa7032399a666672d06636b05e14824452eabfcbd", size = 2308490, upload-time = "2025-07-26T11:28:49.386Z" },
    { url = "https://files.pythonhosted.org/packages/a9/51/69c9e1cbb0a6a6fd79a0d6acad6c3b7ec4778d555d12d73e871a9fa123f4/pydantic_core-2.37.2-cp314-cp314-win32.whl", hash = "sha256:ef57747b2a7df50598d843bf978b245e7d86199eb6ac1cf118151d7015789b31", size = 1959064, upload-time = "2025-07-26T11:28:51.442Z" },
    { url = "https://files.pythonhosted.org/packages/0d/1f/0557c25049631e02f72d7cffa1b71dd49b311e3e18fe9db7267d0e2ba5f3/pydantic_core-2.37.2-cp314-cp314-win_amd64.whl", hash = "sha256:476ca176d01b8fa7fa4adcb7432a4221feb9711675a766618b7fad7878b38f46", size = 1998295, upload-time = "2025-07-26T11:28:53.286Z" },
    { url = "https://files.pythonhosted.org/packages/c8/75/c9bc4797ef55e49272eb1f27cc1d9cd2e1fa7e45d9707d19f29a1fa438e2/pydantic_core-2.37.2-cp314-cp314-win_arm64.whl", hash = "sha256:765519587e15e24535670a3f903ded586bb2ca44ab103d3963f8a8ed6a7c87a2", size = 1952949, upload-time = "2025-07-26T11:28:55.124Z" },
    { url = "https://files.pythonhosted.org/packages/1a/28/689fc6fc953d80f65f35ff72e30db81609b26fd15be54cb3577b8f684f58/pydantic_core-2.37.2-cp314-cp314t-macosx_11_0_arm64.whl", hash = "sha256:e16d5f519d85acd5deb7d728f22f0433aa80469b3441de24a72a9a8d2561d0d9", size = 1830246, upload-time = "2025-07-26T11:28:56.983Z" },
    { url = "https://files.pythonhosted.org/packages/47/4e/40c30c2de00db6ab11d24b12c3b6bd8e96b4606a0d819bda381a9ed2c0c3/pydantic_core-2.37.2-cp314-cp314t-manylinux_2_17_x86_64.manylinux2014_x86_64.whl", hash = "sha256:9eda70db8850d2cb0ca0d38a5cc5ebfac366cdd36689f128ec4b9fbabbf68973", size = 2008349, upload-time = "2025-07-26T11:28:58.863Z" },
    { url = "https://files.pythonhosted.org/packages/1f/9c/b7248f688933d0340b28f23d78bbc791a51076b9953ae9f0ada4fa7ddcd4/pydantic_core-2.37.2-cp314-cp314t-win_amd64.whl", hash = "sha256:18a0c379bed0c7d05f1ed4de2a2e8dba9a1a21618e8694b8c27be92e46dd3d90", size = 1962545, upload-time = "2025-07-26T11:29:00.644Z" },
]

[[package]]
name = "pydantic-settings"
version = "2.10.1"
source = { registry = "https://pypi.org/simple" }
dependencies = [
    { name = "pydantic" },
    { name = "python-dotenv" },
    { name = "typing-inspection" },
]
sdist = { url = "https://files.pythonhosted.org/packages/68/85/1ea668bbab3c50071ca613c6ab30047fb36ab0da1b92fa8f17bbc38fd36c/pydantic_settings-2.10.1.tar.gz", hash = "sha256:06f0062169818d0f5524420a360d632d5857b83cffd4d42fe29597807a1614ee", size = 172583, upload-time = "2025-06-24T13:26:46.841Z" }
wheels = [
    { url = "https://files.pythonhosted.org/packages/58/f0/427018098906416f580e3cf1366d3b1abfb408a0652e9f31600c24a1903c/pydantic_settings-2.10.1-py3-none-any.whl", hash = "sha256:a60952460b99cf661dc25c29c0ef171721f98bfcb52ef8d9ea4c943d7c8cc796", size = 45235, upload-time = "2025-06-24T13:26:45.485Z" },
]

[[package]]
name = "pydantic-uv"
version = "0.1.0"
source = { editable = "." }
dependencies = [
    { name = "fastapi" },
    { name = "pydantic" },
    { name = "pydantic-settings" },
    { name = "ruff" },
]

[package.metadata]
requires-dist = [
    { name = "fastapi", specifier = ">=0.116.1" },
    { name = "pydantic", specifier = "==2.12.0a1" },
    { name = "pydantic-settings", specifier = ">=2.10.1" },
    { name = "ruff", specifier = ">=0.12.12" },
]

[[package]]
name = "python-dotenv"
version = "1.1.1"
source = { registry = "https://pypi.org/simple" }
sdist = { url = "https://files.pythonhosted.org/packages/f6/b0/4bc07ccd3572a2f9df7e6782f52b0c6c90dcbb803ac4a167702d7d0dfe1e/python_dotenv-1.1.1.tar.gz", hash = "sha256:a8a6399716257f45be6a007360200409fce5cda2661e3dec71d23dc15f6189ab", size = 41978, upload-time = "2025-06-24T04:21:07.341Z" }
wheels = [
    { url = "https://files.pythonhosted.org/packages/5f/ed/539768cf28c661b5b068d66d96a2f155c4971a5d55684a514c1a0e0dec2f/python_dotenv-1.1.1-py3-none-any.whl", hash = "sha256:31f23644fe2602f88ff55e1f5c79ba497e01224ee7737937930c448e4d0e24dc", size = 20556, upload-time = "2025-06-24T04:21:06.073Z" },
]

[[package]]
name = "ruff"
version = "0.12.12"
source = { registry = "https://pypi.org/simple" }
sdist = { url = "https://files.pythonhosted.org/packages/a8/f0/e0965dd709b8cabe6356811c0ee8c096806bb57d20b5019eb4e48a117410/ruff-0.12.12.tar.gz", hash = "sha256:b86cd3415dbe31b3b46a71c598f4c4b2f550346d1ccf6326b347cc0c8fd063d6", size = 5359915, upload-time = "2025-09-04T16:50:18.273Z" }
wheels = [
    { url = "https://files.pythonhosted.org/packages/09/79/8d3d687224d88367b51c7974cec1040c4b015772bfbeffac95face14c04a/ruff-0.12.12-py3-none-linux_armv6l.whl", hash = "sha256:de1c4b916d98ab289818e55ce481e2cacfaad7710b01d1f990c497edf217dafc", size = 12116602, upload-time = "2025-09-04T16:49:18.892Z" },
    { url = "https://files.pythonhosted.org/packages/c3/c3/6e599657fe192462f94861a09aae935b869aea8a1da07f47d6eae471397c/ruff-0.12.12-py3-none-macosx_10_12_x86_64.whl", hash = "sha256:7acd6045e87fac75a0b0cdedacf9ab3e1ad9d929d149785903cff9bb69ad9727", size = 12868393, upload-time = "2025-09-04T16:49:23.043Z" },
    { url = "https://files.pythonhosted.org/packages/e8/d2/9e3e40d399abc95336b1843f52fc0daaceb672d0e3c9290a28ff1a96f79d/ruff-0.12.12-py3-none-macosx_11_0_arm64.whl", hash = "sha256:abf4073688d7d6da16611f2f126be86523a8ec4343d15d276c614bda8ec44edb", size = 12036967, upload-time = "2025-09-04T16:49:26.04Z" },
    { url = "https://files.pythonhosted.org/packages/e9/03/6816b2ed08836be272e87107d905f0908be5b4a40c14bfc91043e76631b8/ruff-0.12.12-py3-none-manylinux_2_17_aarch64.manylinux2014_aarch64.whl", hash = "sha256:968e77094b1d7a576992ac078557d1439df678a34c6fe02fd979f973af167577", size = 12276038, upload-time = "2025-09-04T16:49:29.056Z" },
    { url = "https://files.pythonhosted.org/packages/9f/d5/707b92a61310edf358a389477eabd8af68f375c0ef858194be97ca5b6069/ruff-0.12.12-py3-none-manylinux_2_17_armv7l.manylinux2014_armv7l.whl", hash = "sha256:42a67d16e5b1ffc6d21c5f67851e0e769517fb57a8ebad1d0781b30888aa704e", size = 11901110, upload-time = "2025-09-04T16:49:32.07Z" },
    { url = "https://files.pythonhosted.org/packages/9d/3d/f8b1038f4b9822e26ec3d5b49cf2bc313e3c1564cceb4c1a42820bf74853/ruff-0.12.12-py3-none-manylinux_2_17_i686.manylinux2014_i686.whl", hash = "sha256:b216ec0a0674e4b1214dcc998a5088e54eaf39417327b19ffefba1c4a1e4971e", size = 13668352, upload-time = "2025-09-04T16:49:35.148Z" },
    { url = "https://files.pythonhosted.org/packages/98/0e/91421368ae6c4f3765dd41a150f760c5f725516028a6be30e58255e3c668/ruff-0.12.12-py3-none-manylinux_2_17_ppc64.manylinux2014_ppc64.whl", hash = "sha256:59f909c0fdd8f1dcdbfed0b9569b8bf428cf144bec87d9de298dcd4723f5bee8", size = 14638365, upload-time = "2025-09-04T16:49:38.892Z" },
    { url = "https://files.pythonhosted.org/packages/74/5d/88f3f06a142f58ecc8ecb0c2fe0b82343e2a2b04dcd098809f717cf74b6c/ruff-0.12.12-py3-none-manylinux_2_17_ppc64le.manylinux2014_ppc64le.whl", hash = "sha256:9ac93d87047e765336f0c18eacad51dad0c1c33c9df7484c40f98e1d773876f5", size = 14060812, upload-time = "2025-09-04T16:49:42.732Z" },
    { url = "https://files.pythonhosted.org/packages/13/fc/8962e7ddd2e81863d5c92400820f650b86f97ff919c59836fbc4c1a6d84c/ruff-0.12.12-py3-none-manylinux_2_17_s390x.manylinux2014_s390x.whl", hash = "sha256:01543c137fd3650d322922e8b14cc133b8ea734617c4891c5a9fccf4bfc9aa92", size = 13050208, upload-time = "2025-09-04T16:49:46.434Z" },
    { url = "https://files.pythonhosted.org/packages/53/06/8deb52d48a9a624fd37390555d9589e719eac568c020b27e96eed671f25f/ruff-0.12.12-py3-none-manylinux_2_17_x86_64.manylinux2014_x86_64.whl", hash = "sha256:2afc2fa864197634e549d87fb1e7b6feb01df0a80fd510d6489e1ce8c0b1cc45", size = 13311444, upload-time = "2025-09-04T16:49:49.931Z" },
    { url = "https://files.pythonhosted.org/packages/2a/81/de5a29af7eb8f341f8140867ffb93f82e4fde7256dadee79016ac87c2716/ruff-0.12.12-py3-none-manylinux_2_31_riscv64.whl", hash = "sha256:0c0945246f5ad776cb8925e36af2438e66188d2b57d9cf2eed2c382c58b371e5", size = 13279474, upload-time = "2025-09-04T16:49:53.465Z" },
    { url = "https://files.pythonhosted.org/packages/7f/14/d9577fdeaf791737ada1b4f5c6b59c21c3326f3f683229096cccd7674e0c/ruff-0.12.12-py3-none-musllinux_1_2_aarch64.whl", hash = "sha256:a0fbafe8c58e37aae28b84a80ba1817f2ea552e9450156018a478bf1fa80f4e4", size = 12070204, upload-time = "2025-09-04T16:49:56.882Z" },
    { url = "https://files.pythonhosted.org/packages/77/04/a910078284b47fad54506dc0af13839c418ff704e341c176f64e1127e461/ruff-0.12.12-py3-none-musllinux_1_2_armv7l.whl", hash = "sha256:b9c456fb2fc8e1282affa932c9e40f5ec31ec9cbb66751a316bd131273b57c23", size = 11880347, upload-time = "2025-09-04T16:49:59.729Z" },
    { url = "https://files.pythonhosted.org/packages/df/58/30185fcb0e89f05e7ea82e5817b47798f7fa7179863f9d9ba6fd4fe1b098/ruff-0.12.12-py3-none-musllinux_1_2_i686.whl", hash = "sha256:5f12856123b0ad0147d90b3961f5c90e7427f9acd4b40050705499c98983f489", size = 12891844, upload-time = "2025-09-04T16:50:02.591Z" },
    { url = "https://files.pythonhosted.org/packages/21/9c/28a8dacce4855e6703dcb8cdf6c1705d0b23dd01d60150786cd55aa93b16/ruff-0.12.12-py3-none-musllinux_1_2_x86_64.whl", hash = "sha256:26a1b5a2bf7dd2c47e3b46d077cd9c0fc3b93e6c6cc9ed750bd312ae9dc302ee", size = 13360687, upload-time = "2025-09-04T16:50:05.8Z" },
    { url = "https://files.pythonhosted.org/packages/c8/fa/05b6428a008e60f79546c943e54068316f32ec8ab5c4f73e4563934fbdc7/ruff-0.12.12-py3-none-win32.whl", hash = "sha256:173be2bfc142af07a01e3a759aba6f7791aa47acf3604f610b1c36db888df7b1", size = 12052870, upload-time = "2025-09-04T16:50:09.121Z" },
    { url = "https://files.pythonhosted.org/packages/85/60/d1e335417804df452589271818749d061b22772b87efda88354cf35cdb7a/ruff-0.12.12-py3-none-win_amd64.whl", hash = "sha256:e99620bf01884e5f38611934c09dd194eb665b0109104acae3ba6102b600fd0d", size = 13178016, upload-time = "2025-09-04T16:50:12.559Z" },
    { url = "https://files.pythonhosted.org/packages/28/7e/61c42657f6e4614a4258f1c3b0c5b93adc4d1f8575f5229d1906b483099b/ruff-0.12.12-py3-none-win_arm64.whl", hash = "sha256:2a8199cab4ce4d72d158319b63370abf60991495fb733db96cd923a34c52d093", size = 12256762, upload-time = "2025-09-04T16:50:15.737Z" },
]

[[package]]
name = "sniffio"
version = "1.3.1"
source = { registry = "https://pypi.org/simple" }
sdist = { url = "https://files.pythonhosted.org/packages/a2/87/a6771e1546d97e7e041b6ae58d80074f81b7d5121207425c964ddf5cfdbd/sniffio-1.3.1.tar.gz", hash = "sha256:f4324edc670a0f49750a81b895f35c3adb843cca46f0530f79fc1babb23789dc", size = 20372, upload-time = "2024-02-25T23:20:04.057Z" }
wheels = [
    { url = "https://files.pythonhosted.org/packages/e9/44/75a9c9421471a6c4805dbf2356f7c181a29c1879239abab1ea2cc8f38b40/sniffio-1.3.1-py3-none-any.whl", hash = "sha256:2f6da418d1f1e0fddd844478f41680e794e6051915791a034ff65e5f100525a2", size = 10235, upload-time = "2024-02-25T23:20:01.196Z" },
]

[[package]]
name = "starlette"
version = "0.47.3"
source = { registry = "https://pypi.org/simple" }
dependencies = [
    { name = "anyio" },
]
sdist = { url = "https://files.pythonhosted.org/packages/15/b9/cc3017f9a9c9b6e27c5106cc10cc7904653c3eec0729793aec10479dd669/starlette-0.47.3.tar.gz", hash = "sha256:6bc94f839cc176c4858894f1f8908f0ab79dfec1a6b8402f6da9be26ebea52e9", size = 2584144, upload-time = "2025-08-24T13:36:42.122Z" }
wheels = [
    { url = "https://files.pythonhosted.org/packages/ce/fd/901cfa59aaa5b30a99e16876f11abe38b59a1a2c51ffb3d7142bb6089069/starlette-0.47.3-py3-none-any.whl", hash = "sha256:89c0778ca62a76b826101e7c709e70680a1699ca7da6b44d38eb0a7e61fe4b51", size = 72991, upload-time = "2025-08-24T13:36:40.887Z" },
]

[[package]]
name = "typing-extensions"
version = "4.15.0"
source = { registry = "https://pypi.org/simple" }
sdist = { url = "https://files.pythonhosted.org/packages/72/94/1a15dd82efb362ac84269196e94cf00f187f7ed21c242792a923cdb1c61f/typing_extensions-4.15.0.tar.gz", hash = "sha256:0cea48d173cc12fa28ecabc3b837ea3cf6f38c6d1136f85cbaaf598984861466", size = 109391, upload-time = "2025-08-25T13:49:26.313Z" }
wheels = [
    { url = "https://files.pythonhosted.org/packages/18/67/36e9267722cc04a6b9f15c7f3441c2363321a3ea07da7ae0c0707beb2a9c/typing_extensions-4.15.0-py3-none-any.whl", hash = "sha256:f0fa19c6845758ab08074a0cfa8b7aecb71c999ca73d62883bc25cc018c4e548", size = 44614, upload-time = "2025-08-25T13:49:24.86Z" },
]

[[package]]
name = "typing-inspection"
version = "0.4.1"
source = { registry = "https://pypi.org/simple" }
dependencies = [
    { name = "typing-extensions" },
]
sdist = { url = "https://files.pythonhosted.org/packages/f8/b1/0c11f5058406b3af7609f121aaa6b609744687f1d158b3c3a5bf4cc94238/typing_inspection-0.4.1.tar.gz", hash = "sha256:6ae134cc0203c33377d43188d4064e9b357dba58cff3185f22924610e70a9d28", size = 75726, upload-time = "2025-05-21T18:55:23.885Z" }
wheels = [
    { url = "https://files.pythonhosted.org/packages/17/69/cd203477f944c353c31bade965f880aa1061fd6bf05ded0726ca845b6ff7/typing_inspection-0.4.1-py3-none-any.whl", hash = "sha256:389055682238f53b04f7badcb49b989835495a96700ced5dab2d8feae4b26f51", size = 14552, upload-time = "2025-05-21T18:55:22.152Z" },
]
