version = 1
revision = 3
requires-python = ">=3.11"

[[package]]
name = "colorama"
version = "0.4.6"
source = { registry = "https://pypi.org/simple/" }
sdist = { url = "https://files.pythonhosted.org/packages/d8/53/6f443c9a4a8358a93a6792e2acffb9d9d5cb0a5cfd8802644b7b1c9a02e4/colorama-0.4.6.tar.gz", hash = "sha256:08695f5cb7ed6e0531a20572697297273c47b8cae5a63ffc6d6ed5c201be6e44", size = 27697, upload-time = "2022-10-25T02:36:22.414Z" }
wheels = [
    { url = "https://files.pythonhosted.org/packages/d1/d6/3965ed04c63042e047cb6a3e6ed1a63a35087b6a609aa3a15ed8ac56c221/colorama-0.4.6-py2.py3-none-any.whl", hash = "sha256:4f1d9991f5acc0ca119f9d443620b77f9d6b33703e51011c16baf57afb285fc6", size = 25335, upload-time = "2022-10-25T02:36:20.889Z" },
]

[[package]]
name = "crs-linter"
source = { editable = "." }
dependencies = [
    { name = "dulwich" },
    { name = "github-action-utils" },
    { name = "msc-pyparser" },
    { name = "semver" },
]

[package.dev-dependencies]
dev = [
    { name = "pytest" },
]

[package.metadata]
requires-dist = [
    { name = "dulwich", specifier = ">=0.24.1,<0.25.0" },
    { name = "github-action-utils", specifier = ">=1.1.0,<2.0.0" },
    { name = "msc-pyparser", specifier = ">=1.2.1" },
    { name = "semver", specifier = ">=3.0.2,<4.0.0" },
]

[package.metadata.requires-dev]
dev = [{ name = "pytest", specifier = ">=8.1.1,<9" }]

[[package]]
name = "dulwich"
version = "0.24.1"
source = { registry = "https://pypi.org/simple/" }
dependencies = [
    { name = "urllib3" },
]
sdist = { url = "https://files.pythonhosted.org/packages/2b/f3/13a3425ddf04bd31f1caf3f4fa8de2352700c454cb0536ce3f4dbdc57a81/dulwich-0.24.1.tar.gz", hash = "sha256:e19fd864f10f02bb834bb86167d92dcca1c228451b04458761fc13dabd447758", size = 806136, upload-time = "2025-08-01T10:26:46.887Z" }
wheels = [
    { url = "https://files.pythonhosted.org/packages/93/46/efc7dde236144384277a18f27f584370a796a1c547cc94ff4f208d381a18/dulwich-0.24.1-cp311-cp311-macosx_11_0_arm64.whl", hash = "sha256:31ad6637322aaafeecc4c884f396ac2d963aadf201deb6422134fa0f8ac9a87a", size = 1091732, upload-time = "2025-08-01T10:26:12.021Z" },
    { url = "https://files.pythonhosted.org/packages/dd/ec/34c93eb4295adccf1395e363cdf7200ecd4ec0a96b6cea43ff19074980c9/dulwich-0.24.1-cp311-cp311-manylinux_2_28_aarch64.whl", hash = "sha256:358e4b688f6c1fa5346a8394a2c1ab79ff7126be576b20ffd0f38085ead0df54", size = 1162365, upload-time = "2025-08-01T10:26:13.48Z" },
    { url = "https://files.pythonhosted.org/packages/bd/90/16f4a0281a35adc7678245d8f47aaf48358e936903af69d2f18aa98b9990/dulwich-0.24.1-cp311-cp311-manylinux_2_28_x86_64.whl", hash = "sha256:50f981edd5307475f6f862ccdbe39e8dd01afc17f2ed8ee0e452c3878389b48c", size = 1167573, upload-time = "2025-08-01T10:26:14.972Z" },
    { url = "https://files.pythonhosted.org/packages/01/fc/961308a475f6a26dc0e9360afd5cade20e164bb08bb3bbf7edabacddcdd7/dulwich-0.24.1-cp311-cp311-win32.whl", hash = "sha256:741417a6a029a3230c46ad4725a50440cac852f165706824303d9939cf83770c", size = 763597, upload-time = "2025-08-01T10:26:16.824Z" },
    { url = "https://files.pythonhosted.org/packages/3b/92/001fb17046c8d8dffed6b205950d6cb82f3e8b6cd8561a3f9395759d0fd3/dulwich-0.24.1-cp311-cp311-win_amd64.whl", hash = "sha256:816ec4abd152ebd11d05bf25b5d37a4a88c18af59857067ee85d32e43af12b5f", size = 779975, upload-time = "2025-08-01T10:26:18.191Z" },
    { url = "https://files.pythonhosted.org/packages/90/83/ccefebfc92ab682364ca247ba0e364f2826085ce75a314822d117a1dda49/dulwich-0.24.1-cp312-cp312-macosx_11_0_arm64.whl", hash = "sha256:6d227cebcb2082801ab429e196d973315dbe3818904b5c13a22d80a16f5692c9", size = 1080906, upload-time = "2025-08-01T10:26:19.664Z" },
    { url = "https://files.pythonhosted.org/packages/a0/18/6abaf1973fd71cee2e9cf1e611944936481d7fc63a63c2974f01cc4cd9ca/dulwich-0.24.1-cp312-cp312-manylinux_2_28_aarch64.whl", hash = "sha256:5e3c01b8109169aa361842af4987bca672087e3faf38d528ff9f631d1071f523", size = 1159961, upload-time = "2025-08-01T10:26:21.077Z" },
    { url = "https://files.pythonhosted.org/packages/b9/c7/09dc31cf769ca1e67445f530e58df4af9379842b8740b88efcf44448627b/dulwich-0.24.1-cp312-cp312-manylinux_2_28_x86_64.whl", hash = "sha256:ee80d8e9199124974b486d2c83a7e2d4db17ae59682909fa198111d8bb416f50", size = 1164723, upload-time = "2025-08-01T10:26:22.594Z" },
    { url = "https://files.pythonhosted.org/packages/8e/62/528e4be601948be340fbd61bed99ccd1dcade38254aae804412d8e016246/dulwich-0.24.1-cp312-cp312-win32.whl", hash = "sha256:bef4dccba44edd6d18015f67c9e0d6216f978840cdbe703930e1679e2872c595", size = 762743, upload-time = "2025-08-01T10:26:24.013Z" },
    { url = "https://files.pythonhosted.org/packages/e0/e8/c50cb473325d91435be9af61e14d240e67632ff24b83eb2c04e6cd76af33/dulwich-0.24.1-cp312-cp312-win_amd64.whl", hash = "sha256:83b2fb17bac190cfc6c91e7a94a1d806aa8ce8903aca0e3e54cecb2c3f547a55", size = 780044, upload-time = "2025-08-01T10:26:25.498Z" },
    { url = "https://files.pythonhosted.org/packages/5e/a5/3f4760169fea1b90df7aea88172699807af6f4f667c878de6a9ee554170f/dulwich-0.24.1-cp313-cp313-macosx_11_0_arm64.whl", hash = "sha256:1a11ec69fc6604228804ddfc32c85b22bc627eca4cf4ff3f27dbe822e6f29477", size = 1080923, upload-time = "2025-08-01T10:26:28.011Z" },
    { url = "https://files.pythonhosted.org/packages/71/d9/7aadd6318aed6f0e1242fa63bd61d80142716d13ea4e307c8b19fc61c9ae/dulwich-0.24.1-cp313-cp313-manylinux_2_28_aarch64.whl", hash = "sha256:a9800df7238b586b4c38c00432776781bc889cf02d756dcfb8dc0ecb8fc47a33", size = 1159246, upload-time = "2025-08-01T10:26:29.487Z" },
    { url = "https://files.pythonhosted.org/packages/90/5d/df4256fe009c714e0392817df4fdc1748a901523504f58796d675fce755f/dulwich-0.24.1-cp313-cp313-manylinux_2_28_x86_64.whl", hash = "sha256:3baab4a01aff890e2e6551ccbd33eb2a44173c897f0f027ad3aeab0fb057ec44", size = 1163646, upload-time = "2025-08-01T10:26:31.279Z" },
    { url = "https://files.pythonhosted.org/packages/8d/fe/850115d6fa7ad03756e20466ad5b72be54d1b59c1ff7d2b3c13bc4de965f/dulwich-0.24.1-cp313-cp313-win32.whl", hash = "sha256:b39689aa4d143ba1fb0a687a4eb93d2e630d2c8f940aaa6c6911e9c8dca16e6a", size = 762612, upload-time = "2025-08-01T10:26:33.223Z" },
    { url = "https://files.pythonhosted.org/packages/47/7f/f79940e0773efda2ed0e666a0ca0ae7c734fdce4f04b5b60bc5ed268b7cb/dulwich-0.24.1-cp313-cp313-win_amd64.whl", hash = "sha256:8fca9b863b939b52c5f759d292499f0d21a7bf7f8cbb9fdeb8cdd9511c5bc973", size = 779168, upload-time = "2025-08-01T10:26:35.303Z" },
    { url = "https://files.pythonhosted.org/packages/c9/bc/a2557d1b0afa5bf1e140f42f8cbca1783e43d7fa17665859c63060957952/dulwich-0.24.1-py3-none-any.whl", hash = "sha256:57cc0dc5a21059698ffa4ed9a7272f1040ec48535193df84b0ee6b16bf615676", size = 440765, upload-time = "2025-08-01T10:26:45.415Z" },
]

[[package]]
name = "github-action-utils"
version = "1.1.0"
source = { registry = "https://pypi.org/simple/" }
sdist = { url = "https://files.pythonhosted.org/packages/41/81/b70e3be8686c2011ec03eddf5a695496c9935818b18cde6a5f9553127a4e/github-action-utils-1.1.0.tar.gz", hash = "sha256:8aa40d90b89d814004160bb7e90b42cc07b55f41f66e4a4a32766d26c9ca3d61", size = 8860, upload-time = "2022-10-17T14:28:57.931Z" }
wheels = [
    { url = "https://files.pythonhosted.org/packages/fd/c8/d2a1c4ac43c9194316b8802b08502712ef242e6f325435409688e760b03a/github_action_utils-1.1.0-py2.py3-none-any.whl", hash = "sha256:bc84bac22e8a25ebe86370b08ff2c174960e468e899ffd313cb09d19629acefb", size = 8893, upload-time = "2022-10-17T14:28:56.215Z" },
]

[[package]]
name = "iniconfig"
version = "2.1.0"
source = { registry = "https://pypi.org/simple/" }
sdist = { url = "https://files.pythonhosted.org/packages/f2/97/ebf4da567aa6827c909642694d71c9fcf53e5b504f2d96afea02718862f3/iniconfig-2.1.0.tar.gz", hash = "sha256:3abbd2e30b36733fee78f9c7f7308f2d0050e88f0087fd25c2645f63c773e1c7", size = 4793, upload-time = "2025-03-19T20:09:59.721Z" }
wheels = [
    { url = "https://files.pythonhosted.org/packages/2c/e1/e6716421ea10d38022b952c159d5161ca1193197fb744506875fbb87ea7b/iniconfig-2.1.0-py3-none-any.whl", hash = "sha256:9deba5723312380e77435581c6bf4935c94cbfab9b1ed33ef8d238ea168eb760", size = 6050, upload-time = "2025-03-19T20:10:01.071Z" },
]

[[package]]
name = "msc-pyparser"
version = "1.2.2"
source = { registry = "https://pypi.org/simple/" }
dependencies = [
    { name = "ply" },
]
sdist = { url = "https://files.pythonhosted.org/packages/98/39/4a50f2ff69609d2d79a28df2679fccb70e48c291e73b6e05d5aeddc36d49/msc_pyparser-1.2.2.tar.gz", hash = "sha256:412de2418a35e49ba748cd7007058e03e6c0db3a51cedb6bc23799d62fa367bc", size = 47123, upload-time = "2025-02-21T13:35:01.022Z" }
wheels = [
    { url = "https://files.pythonhosted.org/packages/8c/6a/ff72190ebc1cb0850fc7ecc2413da46dea3b8581357e0e2aa0a98e171925/msc_pyparser-1.2.2-py2.py3-none-any.whl", hash = "sha256:978196044690e4a68d7686416aabf774d6b7be5f58f8f0510c36932bde0722ea", size = 48510, upload-time = "2025-02-21T13:34:58.915Z" },
]

[[package]]
name = "packaging"
version = "25.0"
source = { registry = "https://pypi.org/simple/" }
sdist = { url = "https://files.pythonhosted.org/packages/a1/d4/1fc4078c65507b51b96ca8f8c3ba19e6a61c8253c72794544580a7b6c24d/packaging-25.0.tar.gz", hash = "sha256:d443872c98d677bf60f6a1f2f8c1cb748e8fe762d2bf9d3148b5599295b0fc4f", size = 165727, upload-time = "2025-04-19T11:48:59.673Z" }
wheels = [
    { url = "https://files.pythonhosted.org/packages/20/12/38679034af332785aac8774540895e234f4d07f7545804097de4b666afd8/packaging-25.0-py3-none-any.whl", hash = "sha256:29572ef2b1f17581046b3a2227d5c611fb25ec70ca1ba8554b24b0e69331a484", size = 66469, upload-time = "2025-04-19T11:48:57.875Z" },
]

[[package]]
name = "pluggy"
version = "1.5.0"
source = { registry = "https://pypi.org/simple/" }
sdist = { url = "https://files.pythonhosted.org/packages/96/2d/02d4312c973c6050a18b314a5ad0b3210edb65a906f868e31c111dede4a6/pluggy-1.5.0.tar.gz", hash = "sha256:2cffa88e94fdc978c4c574f15f9e59b7f4201d439195c3715ca9e2486f1d0cf1", size = 67955, upload-time = "2024-04-20T21:34:42.531Z" }
wheels = [
    { url = "https://files.pythonhosted.org/packages/88/5f/e351af9a41f866ac3f1fac4ca0613908d9a41741cfcf2228f4ad853b697d/pluggy-1.5.0-py3-none-any.whl", hash = "sha256:44e1ad92c8ca002de6377e165f3e0f1be63266ab4d554740532335b9d75ea669", size = 20556, upload-time = "2024-04-20T21:34:40.434Z" },
]

[[package]]
name = "ply"
version = "3.11"
source = { registry = "https://pypi.org/simple/" }
sdist = { url = "https://files.pythonhosted.org/packages/e5/69/882ee5c9d017149285cab114ebeab373308ef0f874fcdac9beb90e0ac4da/ply-3.11.tar.gz", hash = "sha256:00c7c1aaa88358b9c765b6d3000c6eec0ba42abca5351b095321aef446081da3", size = 159130, upload-time = "2018-02-15T19:01:31.097Z" }
wheels = [
    { url = "https://files.pythonhosted.org/packages/a3/58/35da89ee790598a0700ea49b2a66594140f44dec458c07e8e3d4979137fc/ply-3.11-py2.py3-none-any.whl", hash = "sha256:096f9b8350b65ebd2fd1346b12452efe5b9607f7482813ffca50c22722a807ce", size = 49567, upload-time = "2018-02-15T19:01:27.172Z" },
]

[[package]]
name = "pytest"
version = "8.3.5"
source = { registry = "https://pypi.org/simple/" }
dependencies = [
    { name = "colorama", marker = "sys_platform == 'win32'" },
    { name = "iniconfig" },
    { name = "packaging" },
    { name = "pluggy" },
]
sdist = { url = "https://files.pythonhosted.org/packages/ae/3c/c9d525a414d506893f0cd8a8d0de7706446213181570cdbd766691164e40/pytest-8.3.5.tar.gz", hash = "sha256:f4efe70cc14e511565ac476b57c279e12a855b11f48f212af1080ef2263d3845", size = 1450891, upload-time = "2025-03-02T12:54:54.503Z" }
wheels = [
    { url = "https://files.pythonhosted.org/packages/30/3d/64ad57c803f1fa1e963a7946b6e0fea4a70df53c1a7fed304586539c2bac/pytest-8.3.5-py3-none-any.whl", hash = "sha256:c69214aa47deac29fad6c2a4f590b9c4a9fdb16a403176fe154b79c0b4d4d820", size = 343634, upload-time = "2025-03-02T12:54:52.069Z" },
]

[[package]]
name = "semver"
version = "3.0.4"
source = { registry = "https://pypi.org/simple/" }
sdist = { url = "https://files.pythonhosted.org/packages/72/d1/d3159231aec234a59dd7d601e9dd9fe96f3afff15efd33c1070019b26132/semver-3.0.4.tar.gz", hash = "sha256:afc7d8c584a5ed0a11033af086e8af226a9c0b206f313e0301f8dd7b6b589602", size = 269730, upload-time = "2025-01-24T13:19:27.617Z" }
wheels = [
    { url = "https://files.pythonhosted.org/packages/a6/24/4d91e05817e92e3a61c8a21e08fd0f390f5301f1c448b137c57c4bc6e543/semver-3.0.4-py3-none-any.whl", hash = "sha256:9c824d87ba7f7ab4a1890799cec8596f15c1241cb473404ea1cb0c55e4b04746", size = 17912, upload-time = "2025-01-24T13:19:24.949Z" },
]

[[package]]
name = "urllib3"
version = "2.4.0"
source = { registry = "https://pypi.org/simple/" }
sdist = { url = "https://files.pythonhosted.org/packages/8a/78/16493d9c386d8e60e442a35feac5e00f0913c0f4b7c217c11e8ec2ff53e0/urllib3-2.4.0.tar.gz", hash = "sha256:414bc6535b787febd7567804cc015fee39daab8ad86268f1310a9250697de466", size = 390672, upload-time = "2025-04-10T15:23:39.232Z" }
wheels = [
    { url = "https://files.pythonhosted.org/packages/6b/11/cc635220681e93a0183390e26485430ca2c7b5f9d33b15c74c2861cb8091/urllib3-2.4.0-py3-none-any.whl", hash = "sha256:4e16665048960a0900c702d4a66415956a584919c03361cac9f1df5c5dd7e813", size = 128680, upload-time = "2025-04-10T15:23:37.377Z" },
]
